PODS:
  - SYKit (0.1.13)
  - SYPictureMetadata (2.0)

DEPENDENCIES:
  - SYKit
  - SYPictureMetadata (from `./`)

SPEC REPOS:
  trunk:
    - SYKit

EXTERNAL SOURCES:
  SYPictureMetadata:
    :path: "./"

SPEC CHECKSUMS:
  SYKit: 5d9d0795737122b8b2fd899076e9bde4105fb576
  SYPictureMetadata: 195e9803eb42aa01aacea5adec13a62ed196fcaa

PODFILE CHECKSUM: 142f62c7f67050314cf80c038f104109b747910d

COCOAPODS: 1.10.0
