PODS:
  - JGMethodSwizzler (2.0.1)
  - Mantle (2.1.0):
    - Mantle/extobjc (= 2.1.0)
  - Mantle/extobjc (2.1.0)
  - SYKit (0.0.34):
    - JGMethodSwizzler

DEPENDENCIES:
  - Mantle
  - SYKit

SPEC CHECKSUMS:
  JGMethodSwizzler: e0ea5c1c6c55304ec4ef3f54e441400c6735c899
  Mantle: 2fa750afa478cd625a94230fbf1c13462f29395b
  SYKit: 3b3d2e7739038dcb4e190b73d478b83398322ef5

PODFILE CHECKSUM: '09565253f283073aec198f81620e299a67fe2004'

COCOAPODS: 1.2.0
