// !$*UTF8*$!
{
	archiveVersion = 1;
	classes = {
	};
	objectVersion = 60;
	objects = {

/* Begin PBXBuildFile section */
		97172AB923F04276007F2203 /* Main.storyboard in Resources */ = {isa = PBXBuildFile; fileRef = 97172AB823F04276007F2203 /* Main.storyboard */; };
		97172ABB23F0430D007F2203 /* SYImagesVC.swift in Sources */ = {isa = PBXBuildFile; fileRef = 97172ABA23F0430D007F2203 /* SYImagesVC.swift */; };
		97172ABE23F045B3007F2203 /* SYImageVC.swift in Sources */ = {isa = PBXBuildFile; fileRef = 97172ABC23F045B3007F2203 /* SYImageVC.swift */; };
		97172ABF23F045B3007F2203 /* SYImageVC.xib in Resources */ = {isa = PBXBuildFile; fileRef = 97172ABD23F045B3007F2203 /* SYImageVC.xib */; };
		97172AC323F051C2007F2203 /* SYSummaryCell.swift in Sources */ = {isa = PBXBuildFile; fileRef = 97172AC223F051C2007F2203 /* SYSummaryCell.swift */; };
		97172AC923F052BB007F2203 /* SYSummaryVC.swift in Sources */ = {isa = PBXBuildFile; fileRef = 97172AC823F052BB007F2203 /* SYSummaryVC.swift */; };
		97172ACD23F0731C007F2203 /* LaunchScreen.storyboard in Resources */ = {isa = PBXBuildFile; fileRef = 97172ACB23F0731C007F2203 /* LaunchScreen.storyboard */; };
		97230E172BFD510500CDB64D /* SYPictureMetadata in Frameworks */ = {isa = PBXBuildFile; productRef = 97230E162BFD510500CDB64D /* SYPictureMetadata */; };
		97230E192BFD510500CDB64D /* SYPictureMetadataTestAssets in Frameworks */ = {isa = PBXBuildFile; productRef = 97230E182BFD510500CDB64D /* SYPictureMetadataTestAssets */; };
		97230E1E2BFD511500CDB64D /* Foundation+Extensions.swift in Sources */ = {isa = PBXBuildFile; fileRef = 97230E1B2BFD511500CDB64D /* Foundation+Extensions.swift */; };
		97230E1F2BFD511500CDB64D /* Dictionary+Extensions.swift in Sources */ = {isa = PBXBuildFile; fileRef = 97230E1C2BFD511500CDB64D /* Dictionary+Extensions.swift */; };
		97230E202BFD511500CDB64D /* SYMetadata+Extensions.swift in Sources */ = {isa = PBXBuildFile; fileRef = 97230E1D2BFD511500CDB64D /* SYMetadata+Extensions.swift */; };
		975D0D2323D5F5CD00DFFC35 /* AppDelegate.swift in Sources */ = {isa = PBXBuildFile; fileRef = 975D0D2223D5F5CD00DFFC35 /* AppDelegate.swift */; };
		975D0D2C23D5F5CF00DFFC35 /* Assets.xcassets in Resources */ = {isa = PBXBuildFile; fileRef = 975D0D2B23D5F5CF00DFFC35 /* Assets.xcassets */; };
		976E79552BFD3BB200336C5C /* SYPictureMetadata in Frameworks */ = {isa = PBXBuildFile; productRef = 976E79542BFD3BB200336C5C /* SYPictureMetadata */; };
		97CD867E25C9B8B00039F7ED /* SYOpenPhotoVC.swift in Sources */ = {isa = PBXBuildFile; fileRef = 97CD867D25C9B8B00039F7ED /* SYOpenPhotoVC.swift */; };
/* End PBXBuildFile section */

/* Begin PBXFileReference section */
		97172AB823F04276007F2203 /* Main.storyboard */ = {isa = PBXFileReference; fileEncoding = 4; lastKnownFileType = file.storyboard; path = Main.storyboard; sourceTree = "<group>"; };
		97172ABA23F0430D007F2203 /* SYImagesVC.swift */ = {isa = PBXFileReference; lastKnownFileType = sourcecode.swift; path = SYImagesVC.swift; sourceTree = "<group>"; };
		97172ABC23F045B3007F2203 /* SYImageVC.swift */ = {isa = PBXFileReference; lastKnownFileType = sourcecode.swift; path = SYImageVC.swift; sourceTree = "<group>"; };
		97172ABD23F045B3007F2203 /* SYImageVC.xib */ = {isa = PBXFileReference; lastKnownFileType = file.xib; path = SYImageVC.xib; sourceTree = "<group>"; };
		97172AC223F051C2007F2203 /* SYSummaryCell.swift */ = {isa = PBXFileReference; lastKnownFileType = sourcecode.swift; path = SYSummaryCell.swift; sourceTree = "<group>"; };
		97172AC823F052BB007F2203 /* SYSummaryVC.swift */ = {isa = PBXFileReference; lastKnownFileType = sourcecode.swift; path = SYSummaryVC.swift; sourceTree = "<group>"; };
		97172ACA23F0731C007F2203 /* Info.plist */ = {isa = PBXFileReference; fileEncoding = 4; lastKnownFileType = text.plist.xml; path = Info.plist; sourceTree = "<group>"; };
		97172ACB23F0731C007F2203 /* LaunchScreen.storyboard */ = {isa = PBXFileReference; fileEncoding = 4; lastKnownFileType = file.storyboard; path = LaunchScreen.storyboard; sourceTree = "<group>"; };
		97230E1B2BFD511500CDB64D /* Foundation+Extensions.swift */ = {isa = PBXFileReference; fileEncoding = 4; lastKnownFileType = sourcecode.swift; path = "Foundation+Extensions.swift"; sourceTree = "<group>"; };
		97230E1C2BFD511500CDB64D /* Dictionary+Extensions.swift */ = {isa = PBXFileReference; fileEncoding = 4; lastKnownFileType = sourcecode.swift; path = "Dictionary+Extensions.swift"; sourceTree = "<group>"; };
		97230E1D2BFD511500CDB64D /* SYMetadata+Extensions.swift */ = {isa = PBXFileReference; fileEncoding = 4; lastKnownFileType = sourcecode.swift; path = "SYMetadata+Extensions.swift"; sourceTree = "<group>"; };
		975D0D1F23D5F5CD00DFFC35 /* SYPictureMetadataExample.app */ = {isa = PBXFileReference; explicitFileType = wrapper.application; includeInIndex = 0; path = SYPictureMetadataExample.app; sourceTree = BUILT_PRODUCTS_DIR; };
		975D0D2223D5F5CD00DFFC35 /* AppDelegate.swift */ = {isa = PBXFileReference; lastKnownFileType = sourcecode.swift; path = AppDelegate.swift; sourceTree = "<group>"; };
		975D0D2B23D5F5CF00DFFC35 /* Assets.xcassets */ = {isa = PBXFileReference; lastKnownFileType = folder.assetcatalog; path = Assets.xcassets; sourceTree = "<group>"; };
		97B92E6925C9C2DF00EC7244 /* SYPictureMetadataExample.entitlements */ = {isa = PBXFileReference; lastKnownFileType = text.plist.entitlements; path = SYPictureMetadataExample.entitlements; sourceTree = "<group>"; };
		97CD867D25C9B8B00039F7ED /* SYOpenPhotoVC.swift */ = {isa = PBXFileReference; lastKnownFileType = sourcecode.swift; path = SYOpenPhotoVC.swift; sourceTree = "<group>"; };
/* End PBXFileReference section */

/* Begin PBXFrameworksBuildPhase section */
		975D0D1C23D5F5CD00DFFC35 /* Frameworks */ = {
			isa = PBXFrameworksBuildPhase;
			buildActionMask = 2147483647;
			files = (
				97230E172BFD510500CDB64D /* SYPictureMetadata in Frameworks */,
				976E79552BFD3BB200336C5C /* SYPictureMetadata in Frameworks */,
				97230E192BFD510500CDB64D /* SYPictureMetadataTestAssets in Frameworks */,
			);
			runOnlyForDeploymentPostprocessing = 0;
		};
/* End PBXFrameworksBuildPhase section */

/* Begin PBXGroup section */
		97230E1A2BFD511500CDB64D /* Extensions */ = {
			isa = PBXGroup;
			children = (
				97230E1B2BFD511500CDB64D /* Foundation+Extensions.swift */,
				97230E1C2BFD511500CDB64D /* Dictionary+Extensions.swift */,
				97230E1D2BFD511500CDB64D /* SYMetadata+Extensions.swift */,
			);
			name = Extensions;
			path = ../../Tests/SYPictureMetadataTests/Extensions;
			sourceTree = "<group>";
		};
		975D0D1623D5F5CD00DFFC35 = {
			isa = PBXGroup;
			children = (
				975D0D2123D5F5CD00DFFC35 /* SYPictureMetadataExample */,
				975D0D2023D5F5CD00DFFC35 /* Products */,
				976713922BFD4E5C00C946F5 /* Frameworks */,
			);
			sourceTree = "<group>";
		};
		975D0D2023D5F5CD00DFFC35 /* Products */ = {
			isa = PBXGroup;
			children = (
				975D0D1F23D5F5CD00DFFC35 /* SYPictureMetadataExample.app */,
			);
			name = Products;
			sourceTree = "<group>";
		};
		975D0D2123D5F5CD00DFFC35 /* SYPictureMetadataExample */ = {
			isa = PBXGroup;
			children = (
				97B92E6925C9C2DF00EC7244 /* SYPictureMetadataExample.entitlements */,
				975D0D2B23D5F5CF00DFFC35 /* Assets.xcassets */,
				97230E1A2BFD511500CDB64D /* Extensions */,
				976E79512BFD3B5300336C5C /* Cells */,
				976E79522BFD3B5D00336C5C /* ViewControllers */,
				975D0D2223D5F5CD00DFFC35 /* AppDelegate.swift */,
				97172AB823F04276007F2203 /* Main.storyboard */,
				97172ACB23F0731C007F2203 /* LaunchScreen.storyboard */,
				97172ACA23F0731C007F2203 /* Info.plist */,
			);
			path = SYPictureMetadataExample;
			sourceTree = "<group>";
		};
		976713922BFD4E5C00C946F5 /* Frameworks */ = {
			isa = PBXGroup;
			children = (
			);
			name = Frameworks;
			sourceTree = "<group>";
		};
		976E79512BFD3B5300336C5C /* Cells */ = {
			isa = PBXGroup;
			children = (
				97172AC223F051C2007F2203 /* SYSummaryCell.swift */,
			);
			path = Cells;
			sourceTree = "<group>";
		};
		976E79522BFD3B5D00336C5C /* ViewControllers */ = {
			isa = PBXGroup;
			children = (
				97172ABA23F0430D007F2203 /* SYImagesVC.swift */,
				97172ABC23F045B3007F2203 /* SYImageVC.swift */,
				97172ABD23F045B3007F2203 /* SYImageVC.xib */,
				97CD867D25C9B8B00039F7ED /* SYOpenPhotoVC.swift */,
				97172AC823F052BB007F2203 /* SYSummaryVC.swift */,
			);
			path = ViewControllers;
			sourceTree = "<group>";
		};
/* End PBXGroup section */

/* Begin PBXNativeTarget section */
		975D0D1E23D5F5CD00DFFC35 /* SYPictureMetadataExample */ = {
			isa = PBXNativeTarget;
			buildConfigurationList = 975D0D3323D5F5CF00DFFC35 /* Build configuration list for PBXNativeTarget "SYPictureMetadataExample" */;
			buildPhases = (
				974D914F23EF97A500C770FA /* TODOs */,
				974D914D23EF8E2800C770FA /* Generate unsupported keys */,
				975D0D1B23D5F5CD00DFFC35 /* Sources */,
				975D0D1C23D5F5CD00DFFC35 /* Frameworks */,
				975D0D1D23D5F5CD00DFFC35 /* Resources */,
			);
			buildRules = (
			);
			dependencies = (
			);
			name = SYPictureMetadataExample;
			packageProductDependencies = (
				976E79542BFD3BB200336C5C /* SYPictureMetadata */,
				97230E162BFD510500CDB64D /* SYPictureMetadata */,
				97230E182BFD510500CDB64D /* SYPictureMetadataTestAssets */,
			);
			productName = SYPictureMetadataExample;
			productReference = 975D0D1F23D5F5CD00DFFC35 /* SYPictureMetadataExample.app */;
			productType = "com.apple.product-type.application";
		};
/* End PBXNativeTarget section */

/* Begin PBXProject section */
		975D0D1723D5F5CD00DFFC35 /* Project object */ = {
			isa = PBXProject;
			attributes = {
				BuildIndependentTargetsInParallel = YES;
				LastSwiftUpdateCheck = 1140;
				LastUpgradeCheck = 1530;
				ORGANIZATIONNAME = Syan.me;
				TargetAttributes = {
					975D0D1E23D5F5CD00DFFC35 = {
						CreatedOnToolsVersion = 11.3.1;
					};
				};
			};
			buildConfigurationList = 975D0D1A23D5F5CD00DFFC35 /* Build configuration list for PBXProject "SYPictureMetadataExample" */;
			compatibilityVersion = "Xcode 9.3";
			developmentRegion = en;
			hasScannedForEncodings = 0;
			knownRegions = (
				en,
				Base,
			);
			mainGroup = 975D0D1623D5F5CD00DFFC35;
			packageReferences = (
				97230E152BFD510500CDB64D /* XCLocalSwiftPackageReference ".." */,
			);
			productRefGroup = 975D0D2023D5F5CD00DFFC35 /* Products */;
			projectDirPath = "";
			projectRoot = "";
			targets = (
				975D0D1E23D5F5CD00DFFC35 /* SYPictureMetadataExample */,
			);
		};
/* End PBXProject section */

/* Begin PBXResourcesBuildPhase section */
		975D0D1D23D5F5CD00DFFC35 /* Resources */ = {
			isa = PBXResourcesBuildPhase;
			buildActionMask = 2147483647;
			files = (
				97172ABF23F045B3007F2203 /* SYImageVC.xib in Resources */,
				975D0D2C23D5F5CF00DFFC35 /* Assets.xcassets in Resources */,
				97172ACD23F0731C007F2203 /* LaunchScreen.storyboard in Resources */,
				97172AB923F04276007F2203 /* Main.storyboard in Resources */,
			);
			runOnlyForDeploymentPostprocessing = 0;
		};
/* End PBXResourcesBuildPhase section */

/* Begin PBXShellScriptBuildPhase section */
		974D914D23EF8E2800C770FA /* Generate unsupported keys */ = {
			isa = PBXShellScriptBuildPhase;
			alwaysOutOfDate = 1;
			buildActionMask = 2147483647;
			files = (
			);
			inputFileListPaths = (
			);
			inputPaths = (
			);
			name = "Generate unsupported keys";
			outputFileListPaths = (
			);
			outputPaths = (
			);
			runOnlyForDeploymentPostprocessing = 0;
			shellPath = /bin/sh;
			shellScript = "SDK_PATH=`xcrun --sdk iphoneos --show-sdk-path`\nHEADER_PATH=\"${SDK_PATH}/System/Library/Frameworks/ImageIO.framework/Headers/CGImageProperties.h\"\nPACKAGE=\"${SRCROOT}/..\"\nKEYS=\"${PACKAGE}/Sources/SYPictureMetadataTestAssets/MetadataKeys\"\n\ngrep \"kCGImageProperty\" \"${HEADER_PATH}\" | grep -o 'kCGImageProperty\\w*' | sort | uniq > \"${KEYS}/ImageIO.txt\"\ngrep -oh 'kCGImageProperty\\w*' \"${PACKAGE}/Sources/SYPictureMetadata/\"*.swift | sort | uniq > \"${KEYS}/Supported.txt\"\ngrep -v -f \"${KEYS}/Supported.txt\" \"${KEYS}/ImageIO.txt\" > \"${KEYS}/Unsupported.txt\"\n";
		};
		974D914F23EF97A500C770FA /* TODOs */ = {
			isa = PBXShellScriptBuildPhase;
			alwaysOutOfDate = 1;
			buildActionMask = 2147483647;
			files = (
			);
			inputFileListPaths = (
			);
			inputPaths = (
			);
			name = TODOs;
			outputFileListPaths = (
			);
			outputPaths = (
			);
			runOnlyForDeploymentPostprocessing = 0;
			shellPath = /bin/sh;
			shellScript = "declare -a TAGS=(\"TODO:\" \"FIXME:\" \"LATER:\")\necho \"searching ${SRCROOT} for ${TAGS}\"\n\nfor TAG in ${TAGS[@]}; do\nfind \"${SRCROOT}/${PROJECT_NAME}\" \\( -name \"*.h\" -or -name \"*.m\" -or -name \"*.swift\" \\) -print0 | xargs -0 egrep --with-filename --line-number --only-matching \"($TAG).*\\$\" | perl -p -e \"s/($TAG)/ warning: \\$1/\"\ndone\n\nfor TAG in ${TAGS[@]}; do\nfind \"${SRCROOT}/SYPictureMetadata\" \\( -name \"*.h\" -or -name \"*.m\" -or -name \"*.swift\" \\) -print0 | xargs -0 egrep --with-filename --line-number --only-matching \"($TAG).*\\$\" | perl -p -e \"s/($TAG)/ warning: \\$1/\"\ndone\n";
		};
/* End PBXShellScriptBuildPhase section */

/* Begin PBXSourcesBuildPhase section */
		975D0D1B23D5F5CD00DFFC35 /* Sources */ = {
			isa = PBXSourcesBuildPhase;
			buildActionMask = 2147483647;
			files = (
				97172AC323F051C2007F2203 /* SYSummaryCell.swift in Sources */,
				97172ABB23F0430D007F2203 /* SYImagesVC.swift in Sources */,
				97172AC923F052BB007F2203 /* SYSummaryVC.swift in Sources */,
				97172ABE23F045B3007F2203 /* SYImageVC.swift in Sources */,
				975D0D2323D5F5CD00DFFC35 /* AppDelegate.swift in Sources */,
				97230E1E2BFD511500CDB64D /* Foundation+Extensions.swift in Sources */,
				97CD867E25C9B8B00039F7ED /* SYOpenPhotoVC.swift in Sources */,
				97230E202BFD511500CDB64D /* SYMetadata+Extensions.swift in Sources */,
				97230E1F2BFD511500CDB64D /* Dictionary+Extensions.swift in Sources */,
			);
			runOnlyForDeploymentPostprocessing = 0;
		};
/* End PBXSourcesBuildPhase section */

/* Begin XCBuildConfiguration section */
		975D0D3123D5F5CF00DFFC35 /* Debug */ = {
			isa = XCBuildConfiguration;
			buildSettings = {
				ALWAYS_SEARCH_USER_PATHS = NO;
				CLANG_ANALYZER_NONNULL = YES;
				CLANG_ANALYZER_NUMBER_OBJECT_CONVERSION = YES_AGGRESSIVE;
				CLANG_CXX_LANGUAGE_STANDARD = "gnu++14";
				CLANG_CXX_LIBRARY = "libc++";
				CLANG_ENABLE_MODULES = YES;
				CLANG_ENABLE_OBJC_ARC = YES;
				CLANG_ENABLE_OBJC_WEAK = YES;
				CLANG_WARN_BLOCK_CAPTURE_AUTORELEASING = YES;
				CLANG_WARN_BOOL_CONVERSION = YES;
				CLANG_WARN_COMMA = YES;
				CLANG_WARN_CONSTANT_CONVERSION = YES;
				CLANG_WARN_DEPRECATED_OBJC_IMPLEMENTATIONS = YES;
				CLANG_WARN_DIRECT_OBJC_ISA_USAGE = YES_ERROR;
				CLANG_WARN_DOCUMENTATION_COMMENTS = YES;
				CLANG_WARN_EMPTY_BODY = YES;
				CLANG_WARN_ENUM_CONVERSION = YES;
				CLANG_WARN_INFINITE_RECURSION = YES;
				CLANG_WARN_INT_CONVERSION = YES;
				CLANG_WARN_NON_LITERAL_NULL_CONVERSION = YES;
				CLANG_WARN_OBJC_IMPLICIT_RETAIN_SELF = YES;
				CLANG_WARN_OBJC_LITERAL_CONVERSION = YES;
				CLANG_WARN_OBJC_ROOT_CLASS = YES_ERROR;
				CLANG_WARN_QUOTED_INCLUDE_IN_FRAMEWORK_HEADER = YES;
				CLANG_WARN_RANGE_LOOP_ANALYSIS = YES;
				CLANG_WARN_STRICT_PROTOTYPES = YES;
				CLANG_WARN_SUSPICIOUS_MOVE = YES;
				CLANG_WARN_UNGUARDED_AVAILABILITY = YES_AGGRESSIVE;
				CLANG_WARN_UNREACHABLE_CODE = YES;
				CLANG_WARN__DUPLICATE_METHOD_MATCH = YES;
				COPY_PHASE_STRIP = NO;
				DEBUG_INFORMATION_FORMAT = dwarf;
				ENABLE_STRICT_OBJC_MSGSEND = YES;
				ENABLE_TESTABILITY = YES;
				GCC_C_LANGUAGE_STANDARD = gnu11;
				GCC_DYNAMIC_NO_PIC = NO;
				GCC_NO_COMMON_BLOCKS = YES;
				GCC_OPTIMIZATION_LEVEL = 0;
				GCC_PREPROCESSOR_DEFINITIONS = (
					"DEBUG=1",
					"$(inherited)",
				);
				GCC_WARN_64_TO_32_BIT_CONVERSION = YES;
				GCC_WARN_ABOUT_RETURN_TYPE = YES_ERROR;
				GCC_WARN_UNDECLARED_SELECTOR = YES;
				GCC_WARN_UNINITIALIZED_AUTOS = YES_AGGRESSIVE;
				GCC_WARN_UNUSED_FUNCTION = YES;
				GCC_WARN_UNUSED_VARIABLE = YES;
				IPHONEOS_DEPLOYMENT_TARGET = 13.0;
				MTL_ENABLE_DEBUG_INFO = INCLUDE_SOURCE;
				MTL_FAST_MATH = YES;
				ONLY_ACTIVE_ARCH = YES;
				SDKROOT = iphoneos;
				SWIFT_ACTIVE_COMPILATION_CONDITIONS = DEBUG;
				SWIFT_OPTIMIZATION_LEVEL = "-Onone";
			};
			name = Debug;
		};
		975D0D3223D5F5CF00DFFC35 /* Release */ = {
			isa = XCBuildConfiguration;
			buildSettings = {
				ALWAYS_SEARCH_USER_PATHS = NO;
				CLANG_ANALYZER_NONNULL = YES;
				CLANG_ANALYZER_NUMBER_OBJECT_CONVERSION = YES_AGGRESSIVE;
				CLANG_CXX_LANGUAGE_STANDARD = "gnu++14";
				CLANG_CXX_LIBRARY = "libc++";
				CLANG_ENABLE_MODULES = YES;
				CLANG_ENABLE_OBJC_ARC = YES;
				CLANG_ENABLE_OBJC_WEAK = YES;
				CLANG_WARN_BLOCK_CAPTURE_AUTORELEASING = YES;
				CLANG_WARN_BOOL_CONVERSION = YES;
				CLANG_WARN_COMMA = YES;
				CLANG_WARN_CONSTANT_CONVERSION = YES;
				CLANG_WARN_DEPRECATED_OBJC_IMPLEMENTATIONS = YES;
				CLANG_WARN_DIRECT_OBJC_ISA_USAGE = YES_ERROR;
				CLANG_WARN_DOCUMENTATION_COMMENTS = YES;
				CLANG_WARN_EMPTY_BODY = YES;
				CLANG_WARN_ENUM_CONVERSION = YES;
				CLANG_WARN_INFINITE_RECURSION = YES;
				CLANG_WARN_INT_CONVERSION = YES;
				CLANG_WARN_NON_LITERAL_NULL_CONVERSION = YES;
				CLANG_WARN_OBJC_IMPLICIT_RETAIN_SELF = YES;
				CLANG_WARN_OBJC_LITERAL_CONVERSION = YES;
				CLANG_WARN_OBJC_ROOT_CLASS = YES_ERROR;
				CLANG_WARN_QUOTED_INCLUDE_IN_FRAMEWORK_HEADER = YES;
				CLANG_WARN_RANGE_LOOP_ANALYSIS = YES;
				CLANG_WARN_STRICT_PROTOTYPES = YES;
				CLANG_WARN_SUSPICIOUS_MOVE = YES;
				CLANG_WARN_UNGUARDED_AVAILABILITY = YES_AGGRESSIVE;
				CLANG_WARN_UNREACHABLE_CODE = YES;
				CLANG_WARN__DUPLICATE_METHOD_MATCH = YES;
				COPY_PHASE_STRIP = NO;
				DEBUG_INFORMATION_FORMAT = "dwarf-with-dsym";
				ENABLE_NS_ASSERTIONS = NO;
				ENABLE_STRICT_OBJC_MSGSEND = YES;
				GCC_C_LANGUAGE_STANDARD = gnu11;
				GCC_NO_COMMON_BLOCKS = YES;
				GCC_WARN_64_TO_32_BIT_CONVERSION = YES;
				GCC_WARN_ABOUT_RETURN_TYPE = YES_ERROR;
				GCC_WARN_UNDECLARED_SELECTOR = YES;
				GCC_WARN_UNINITIALIZED_AUTOS = YES_AGGRESSIVE;
				GCC_WARN_UNUSED_FUNCTION = YES;
				GCC_WARN_UNUSED_VARIABLE = YES;
				IPHONEOS_DEPLOYMENT_TARGET = 13.0;
				MTL_ENABLE_DEBUG_INFO = NO;
				MTL_FAST_MATH = YES;
				SDKROOT = iphoneos;
				SWIFT_COMPILATION_MODE = wholemodule;
				SWIFT_OPTIMIZATION_LEVEL = "-O";
				VALIDATE_PRODUCT = YES;
			};
			name = Release;
		};
		975D0D3423D5F5CF00DFFC35 /* Debug */ = {
			isa = XCBuildConfiguration;
			buildSettings = {
				ASSETCATALOG_COMPILER_APPICON_NAME = AppIcon;
				CODE_SIGN_ENTITLEMENTS = SYPictureMetadataExample/SYPictureMetadataExample.entitlements;
				CODE_SIGN_STYLE = Automatic;
				DEVELOPMENT_TEAM = 79RY8264V4;
				INFOPLIST_FILE = SYPictureMetadataExample/Info.plist;
				LD_RUNPATH_SEARCH_PATHS = (
					"$(inherited)",
					"@executable_path/Frameworks",
				);
				OTHER_SWIFT_FLAGS = "-D EXAMPLE $(inherited)";
				PRODUCT_BUNDLE_IDENTIFIER = me.syan.SYPictureMetadataExample;
				PRODUCT_NAME = "$(TARGET_NAME)";
				SUPPORTS_MACCATALYST = YES;
				SUPPORTS_MAC_DESIGNED_FOR_IPHONE_IPAD = YES;
				SWIFT_VERSION = 5.0;
				TARGETED_DEVICE_FAMILY = "1,2";
			};
			name = Debug;
		};
		975D0D3523D5F5CF00DFFC35 /* Release */ = {
			isa = XCBuildConfiguration;
			buildSettings = {
				ASSETCATALOG_COMPILER_APPICON_NAME = AppIcon;
				CODE_SIGN_ENTITLEMENTS = SYPictureMetadataExample/SYPictureMetadataExample.entitlements;
				CODE_SIGN_STYLE = Automatic;
				DEVELOPMENT_TEAM = 79RY8264V4;
				INFOPLIST_FILE = SYPictureMetadataExample/Info.plist;
				LD_RUNPATH_SEARCH_PATHS = (
					"$(inherited)",
					"@executable_path/Frameworks",
				);
				OTHER_SWIFT_FLAGS = "-D EXAMPLE $(inherited)";
				PRODUCT_BUNDLE_IDENTIFIER = me.syan.SYPictureMetadataExample;
				PRODUCT_NAME = "$(TARGET_NAME)";
				SUPPORTS_MACCATALYST = YES;
				SUPPORTS_MAC_DESIGNED_FOR_IPHONE_IPAD = YES;
				SWIFT_VERSION = 5.0;
				TARGETED_DEVICE_FAMILY = "1,2";
			};
			name = Release;
		};
/* End XCBuildConfiguration section */

/* Begin XCConfigurationList section */
		975D0D1A23D5F5CD00DFFC35 /* Build configuration list for PBXProject "SYPictureMetadataExample" */ = {
			isa = XCConfigurationList;
			buildConfigurations = (
				975D0D3123D5F5CF00DFFC35 /* Debug */,
				975D0D3223D5F5CF00DFFC35 /* Release */,
			);
			defaultConfigurationIsVisible = 0;
			defaultConfigurationName = Release;
		};
		975D0D3323D5F5CF00DFFC35 /* Build configuration list for PBXNativeTarget "SYPictureMetadataExample" */ = {
			isa = XCConfigurationList;
			buildConfigurations = (
				975D0D3423D5F5CF00DFFC35 /* Debug */,
				975D0D3523D5F5CF00DFFC35 /* Release */,
			);
			defaultConfigurationIsVisible = 0;
			defaultConfigurationName = Release;
		};
/* End XCConfigurationList section */

/* Begin XCLocalSwiftPackageReference section */
		97230E152BFD510500CDB64D /* XCLocalSwiftPackageReference ".." */ = {
			isa = XCLocalSwiftPackageReference;
			relativePath = ..;
		};
/* End XCLocalSwiftPackageReference section */

/* Begin XCSwiftPackageProductDependency section */
		97230E162BFD510500CDB64D /* SYPictureMetadata */ = {
			isa = XCSwiftPackageProductDependency;
			productName = SYPictureMetadata;
		};
		97230E182BFD510500CDB64D /* SYPictureMetadataTestAssets */ = {
			isa = XCSwiftPackageProductDependency;
			productName = SYPictureMetadataTestAssets;
		};
		976E79542BFD3BB200336C5C /* SYPictureMetadata */ = {
			isa = XCSwiftPackageProductDependency;
			productName = SYPictureMetadata;
		};
/* End XCSwiftPackageProductDependency section */
	};
	rootObject = 975D0D1723D5F5CD00DFFC35 /* Project object */;
}
