// !$*UTF8*$!
{
	archiveVersion = 1;
	classes = {
	};
	objectVersion = 46;
	objects = {

/* Begin PBXBuildFile section */
		2B41D64A23B72B7374A862A3 /* libPods-SYPictureMetadataExample.a in Frameworks */ = {isa = PBXBuildFile; fileRef = 621FAA45F418A13D86793197 /* libPods-SYPictureMetadataExample.a */; };
		9764B9471E434D4000DD31A9 /* SYMetadata.m in Sources */ = {isa = PBXBuildFile; fileRef = 9764B91E1E434D4000DD31A9 /* SYMetadata.m */; };
		9764B9481E434D4000DD31A9 /* SYMetadata8BIM.m in Sources */ = {isa = PBXBuildFile; fileRef = 9764B9201E434D4000DD31A9 /* SYMetadata8BIM.m */; };
		9764B9491E434D4000DD31A9 /* SYMetadataBase.m in Sources */ = {isa = PBXBuildFile; fileRef = 9764B9221E434D4000DD31A9 /* SYMetadataBase.m */; };
		9764B94A1E434D4000DD31A9 /* SYMetadataCIFF.m in Sources */ = {isa = PBXBuildFile; fileRef = 9764B9241E434D4000DD31A9 /* SYMetadataCIFF.m */; };
		9764B94B1E434D4000DD31A9 /* SYMetadataDNG.m in Sources */ = {isa = PBXBuildFile; fileRef = 9764B9261E434D4000DD31A9 /* SYMetadataDNG.m */; };
		9764B94C1E434D4000DD31A9 /* SYMetadataExif.m in Sources */ = {isa = PBXBuildFile; fileRef = 9764B9281E434D4000DD31A9 /* SYMetadataExif.m */; };
		9764B94D1E434D4000DD31A9 /* SYMetadataExifAux.m in Sources */ = {isa = PBXBuildFile; fileRef = 9764B92A1E434D4000DD31A9 /* SYMetadataExifAux.m */; };
		9764B94E1E434D4000DD31A9 /* SYMetadataGIF.m in Sources */ = {isa = PBXBuildFile; fileRef = 9764B92C1E434D4000DD31A9 /* SYMetadataGIF.m */; };
		9764B94F1E434D4000DD31A9 /* SYMetadataGPS.m in Sources */ = {isa = PBXBuildFile; fileRef = 9764B92E1E434D4000DD31A9 /* SYMetadataGPS.m */; };
		9764B9501E434D4000DD31A9 /* SYMetadataIPTC.m in Sources */ = {isa = PBXBuildFile; fileRef = 9764B9301E434D4000DD31A9 /* SYMetadataIPTC.m */; };
		9764B9511E434D4000DD31A9 /* SYMetadataJFIF.m in Sources */ = {isa = PBXBuildFile; fileRef = 9764B9321E434D4000DD31A9 /* SYMetadataJFIF.m */; };
		9764B9531E434D4000DD31A9 /* SYMetadataMakerCanon.m in Sources */ = {isa = PBXBuildFile; fileRef = 9764B9361E434D4000DD31A9 /* SYMetadataMakerCanon.m */; };
		9764B9551E434D4000DD31A9 /* SYMetadataMakerMinolta.m in Sources */ = {isa = PBXBuildFile; fileRef = 9764B93A1E434D4000DD31A9 /* SYMetadataMakerMinolta.m */; };
		9764B9561E434D4000DD31A9 /* SYMetadataMakerNikon.m in Sources */ = {isa = PBXBuildFile; fileRef = 9764B93C1E434D4000DD31A9 /* SYMetadataMakerNikon.m */; };
		9764B9571E434D4000DD31A9 /* SYMetadataMakerOlympus.m in Sources */ = {isa = PBXBuildFile; fileRef = 9764B93E1E434D4000DD31A9 /* SYMetadataMakerOlympus.m */; };
		9764B9581E434D4000DD31A9 /* SYMetadataMakerPentax.m in Sources */ = {isa = PBXBuildFile; fileRef = 9764B9401E434D4000DD31A9 /* SYMetadataMakerPentax.m */; };
		9764B9591E434D4000DD31A9 /* SYMetadataPNG.m in Sources */ = {isa = PBXBuildFile; fileRef = 9764B9421E434D4000DD31A9 /* SYMetadataPNG.m */; };
		9764B95A1E434D4000DD31A9 /* SYMetadataRaw.m in Sources */ = {isa = PBXBuildFile; fileRef = 9764B9441E434D4000DD31A9 /* SYMetadataRaw.m */; };
		9764B95B1E434D4000DD31A9 /* SYMetadataTIFF.m in Sources */ = {isa = PBXBuildFile; fileRef = 9764B9461E434D4000DD31A9 /* SYMetadataTIFF.m */; };
		9764B9631E4377F600DD31A9 /* Test images in Resources */ = {isa = PBXBuildFile; fileRef = 9764B9621E4377F600DD31A9 /* Test images */; };
		9764B9661E43909E00DD31A9 /* SYMetadataIPTCContactInfo.m in Sources */ = {isa = PBXBuildFile; fileRef = 9764B9651E43909E00DD31A9 /* SYMetadataIPTCContactInfo.m */; };
		9764B9691E44BB2C00DD31A9 /* NSDictionary+SY.m in Sources */ = {isa = PBXBuildFile; fileRef = 9764B9681E44BB2C00DD31A9 /* NSDictionary+SY.m */; };
		977765151E47A5E1001749E0 /* Launch Screen.storyboard in Resources */ = {isa = PBXBuildFile; fileRef = 977765141E47A5E1001749E0 /* Launch Screen.storyboard */; };
		97A8EC9E1E47E2FC00A58AF5 /* SYMetadataMakerFuji.m in Sources */ = {isa = PBXBuildFile; fileRef = 97A8EC9D1E47E2FC00A58AF5 /* SYMetadataMakerFuji.m */; };
		97A8ECA11E47E4EB00A58AF5 /* SYSummaryVC.m in Sources */ = {isa = PBXBuildFile; fileRef = 97A8ECA01E47E4EB00A58AF5 /* SYSummaryVC.m */; };
		97A8ECA51E47E58600A58AF5 /* SYSummaryCell.m in Sources */ = {isa = PBXBuildFile; fileRef = 97A8ECA31E47E58600A58AF5 /* SYSummaryCell.m */; };
		97A8ECA61E47E58600A58AF5 /* SYSummaryCell.xib in Resources */ = {isa = PBXBuildFile; fileRef = 97A8ECA41E47E58600A58AF5 /* SYSummaryCell.xib */; };
		97A8ECAB1E47E98D00A58AF5 /* SYImagesVC.m in Sources */ = {isa = PBXBuildFile; fileRef = 97A8ECAA1E47E98D00A58AF5 /* SYImagesVC.m */; };
		97A8ECAD1E47EDA700A58AF5 /* Assets.xcassets in Resources */ = {isa = PBXBuildFile; fileRef = 97A8ECAC1E47EDA700A58AF5 /* Assets.xcassets */; };
		97AF03FA1E489FBF00AACB7F /* main.m in Sources */ = {isa = PBXBuildFile; fileRef = 97AF03F91E489FBF00AACB7F /* main.m */; };
		97AF03FD1E489FBF00AACB7F /* AppDelegate.m in Sources */ = {isa = PBXBuildFile; fileRef = 97AF03FC1E489FBF00AACB7F /* AppDelegate.m */; };
		97AF04001E489FBF00AACB7F /* ViewController.m in Sources */ = {isa = PBXBuildFile; fileRef = 97AF03FF1E489FBF00AACB7F /* ViewController.m */; };
		97AF04031E489FBF00AACB7F /* Main.storyboard in Resources */ = {isa = PBXBuildFile; fileRef = 97AF04011E489FBF00AACB7F /* Main.storyboard */; };
		97AF04051E489FBF00AACB7F /* Assets.xcassets in Resources */ = {isa = PBXBuildFile; fileRef = 97AF04041E489FBF00AACB7F /* Assets.xcassets */; };
		97AF040A1E489FE800AACB7F /* SYMetadata.m in Sources */ = {isa = PBXBuildFile; fileRef = 9764B91E1E434D4000DD31A9 /* SYMetadata.m */; };
		97AF040B1E489FE800AACB7F /* SYMetadata8BIM.m in Sources */ = {isa = PBXBuildFile; fileRef = 9764B9201E434D4000DD31A9 /* SYMetadata8BIM.m */; };
		97AF040C1E489FE800AACB7F /* SYMetadataBase.m in Sources */ = {isa = PBXBuildFile; fileRef = 9764B9221E434D4000DD31A9 /* SYMetadataBase.m */; };
		97AF040D1E489FE800AACB7F /* SYMetadataCIFF.m in Sources */ = {isa = PBXBuildFile; fileRef = 9764B9241E434D4000DD31A9 /* SYMetadataCIFF.m */; };
		97AF040E1E489FE800AACB7F /* SYMetadataDNG.m in Sources */ = {isa = PBXBuildFile; fileRef = 9764B9261E434D4000DD31A9 /* SYMetadataDNG.m */; };
		97AF040F1E489FE800AACB7F /* SYMetadataExif.m in Sources */ = {isa = PBXBuildFile; fileRef = 9764B9281E434D4000DD31A9 /* SYMetadataExif.m */; };
		97AF04101E489FE800AACB7F /* SYMetadataExifAux.m in Sources */ = {isa = PBXBuildFile; fileRef = 9764B92A1E434D4000DD31A9 /* SYMetadataExifAux.m */; };
		97AF04111E489FE800AACB7F /* SYMetadataGIF.m in Sources */ = {isa = PBXBuildFile; fileRef = 9764B92C1E434D4000DD31A9 /* SYMetadataGIF.m */; };
		97AF04121E489FE800AACB7F /* SYMetadataGPS.m in Sources */ = {isa = PBXBuildFile; fileRef = 9764B92E1E434D4000DD31A9 /* SYMetadataGPS.m */; };
		97AF04131E489FE800AACB7F /* SYMetadataIPTC.m in Sources */ = {isa = PBXBuildFile; fileRef = 9764B9301E434D4000DD31A9 /* SYMetadataIPTC.m */; };
		97AF04141E489FE800AACB7F /* SYMetadataIPTCContactInfo.m in Sources */ = {isa = PBXBuildFile; fileRef = 9764B9651E43909E00DD31A9 /* SYMetadataIPTCContactInfo.m */; };
		97AF04151E489FE800AACB7F /* SYMetadataJFIF.m in Sources */ = {isa = PBXBuildFile; fileRef = 9764B9321E434D4000DD31A9 /* SYMetadataJFIF.m */; };
		97AF04161E489FE800AACB7F /* SYMetadataMakerCanon.m in Sources */ = {isa = PBXBuildFile; fileRef = 9764B9361E434D4000DD31A9 /* SYMetadataMakerCanon.m */; };
		97AF04171E489FE800AACB7F /* SYMetadataMakerFuji.m in Sources */ = {isa = PBXBuildFile; fileRef = 97A8EC9D1E47E2FC00A58AF5 /* SYMetadataMakerFuji.m */; };
		97AF04181E489FE800AACB7F /* SYMetadataMakerMinolta.m in Sources */ = {isa = PBXBuildFile; fileRef = 9764B93A1E434D4000DD31A9 /* SYMetadataMakerMinolta.m */; };
		97AF04191E489FE800AACB7F /* SYMetadataMakerNikon.m in Sources */ = {isa = PBXBuildFile; fileRef = 9764B93C1E434D4000DD31A9 /* SYMetadataMakerNikon.m */; };
		97AF041A1E489FE800AACB7F /* SYMetadataMakerOlympus.m in Sources */ = {isa = PBXBuildFile; fileRef = 9764B93E1E434D4000DD31A9 /* SYMetadataMakerOlympus.m */; };
		97AF041B1E489FE800AACB7F /* SYMetadataMakerPentax.m in Sources */ = {isa = PBXBuildFile; fileRef = 9764B9401E434D4000DD31A9 /* SYMetadataMakerPentax.m */; };
		97AF041C1E489FE800AACB7F /* SYMetadataPNG.m in Sources */ = {isa = PBXBuildFile; fileRef = 9764B9421E434D4000DD31A9 /* SYMetadataPNG.m */; };
		97AF041D1E489FE800AACB7F /* SYMetadataRaw.m in Sources */ = {isa = PBXBuildFile; fileRef = 9764B9441E434D4000DD31A9 /* SYMetadataRaw.m */; };
		97AF041E1E489FE800AACB7F /* SYMetadataTIFF.m in Sources */ = {isa = PBXBuildFile; fileRef = 9764B9461E434D4000DD31A9 /* SYMetadataTIFF.m */; };
		97AF041F1E489FE800AACB7F /* NSDictionary+SY.m in Sources */ = {isa = PBXBuildFile; fileRef = 9764B9681E44BB2C00DD31A9 /* NSDictionary+SY.m */; };
		9D8DFDF070132A3B8D4BE620 /* libPods-SYPictureMetadataExample-tvOS.a in Frameworks */ = {isa = PBXBuildFile; fileRef = 0A06FF21C0DBC118BD78BCAD /* libPods-SYPictureMetadataExample-tvOS.a */; };
		F80C7264167A0AF000A9110A /* UIKit.framework in Frameworks */ = {isa = PBXBuildFile; fileRef = F80C7263167A0AF000A9110A /* UIKit.framework */; };
		F80C7266167A0AF000A9110A /* Foundation.framework in Frameworks */ = {isa = PBXBuildFile; fileRef = F80C7265167A0AF000A9110A /* Foundation.framework */; };
		F80C7268167A0AF000A9110A /* CoreGraphics.framework in Frameworks */ = {isa = PBXBuildFile; fileRef = F80C7267167A0AF000A9110A /* CoreGraphics.framework */; };
		F80C726E167A0AF100A9110A /* InfoPlist.strings in Resources */ = {isa = PBXBuildFile; fileRef = F80C726C167A0AF100A9110A /* InfoPlist.strings */; };
		F80C7270167A0AF100A9110A /* main.m in Sources */ = {isa = PBXBuildFile; fileRef = F80C726F167A0AF100A9110A /* main.m */; };
		F80C7274167A0AF100A9110A /* SYAppDelegate.m in Sources */ = {isa = PBXBuildFile; fileRef = F80C7273167A0AF100A9110A /* SYAppDelegate.m */; };
		F80C7283167A0AF100A9110A /* SYImageVC.m in Sources */ = {isa = PBXBuildFile; fileRef = F80C7282167A0AF100A9110A /* SYImageVC.m */; };
		F80C728B167A0B6300A9110A /* Storyboard.storyboard in Resources */ = {isa = PBXBuildFile; fileRef = F80C728A167A0B6300A9110A /* Storyboard.storyboard */; };
		F80C7290167A0C0400A9110A /* AssetsLibrary.framework in Frameworks */ = {isa = PBXBuildFile; fileRef = F80C728F167A0C0400A9110A /* AssetsLibrary.framework */; };
		F80C7295167A18FA00A9110A /* ImageIO.framework in Frameworks */ = {isa = PBXBuildFile; fileRef = F80C7294167A18FA00A9110A /* ImageIO.framework */; };
/* End PBXBuildFile section */

/* Begin PBXFileReference section */
		0A06FF21C0DBC118BD78BCAD /* libPods-SYPictureMetadataExample-tvOS.a */ = {isa = PBXFileReference; explicitFileType = archive.ar; includeInIndex = 0; path = "libPods-SYPictureMetadataExample-tvOS.a"; sourceTree = BUILT_PRODUCTS_DIR; };
		60AF7B2A810A6A3461214FF4 /* Pods-SYPictureMetadataExample.release.xcconfig */ = {isa = PBXFileReference; includeInIndex = 1; lastKnownFileType = text.xcconfig; name = "Pods-SYPictureMetadataExample.release.xcconfig"; path = "Pods/Target Support Files/Pods-SYPictureMetadataExample/Pods-SYPictureMetadataExample.release.xcconfig"; sourceTree = "<group>"; };
		621FAA45F418A13D86793197 /* libPods-SYPictureMetadataExample.a */ = {isa = PBXFileReference; explicitFileType = archive.ar; includeInIndex = 0; path = "libPods-SYPictureMetadataExample.a"; sourceTree = BUILT_PRODUCTS_DIR; };
		7550A80FE971E2F5F4542092 /* Pods-SYPictureMetadataExample.debug.xcconfig */ = {isa = PBXFileReference; includeInIndex = 1; lastKnownFileType = text.xcconfig; name = "Pods-SYPictureMetadataExample.debug.xcconfig"; path = "Pods/Target Support Files/Pods-SYPictureMetadataExample/Pods-SYPictureMetadataExample.debug.xcconfig"; sourceTree = "<group>"; };
		9764B91D1E434D4000DD31A9 /* SYMetadata.h */ = {isa = PBXFileReference; fileEncoding = 4; lastKnownFileType = sourcecode.c.h; path = SYMetadata.h; sourceTree = "<group>"; };
		9764B91E1E434D4000DD31A9 /* SYMetadata.m */ = {isa = PBXFileReference; fileEncoding = 4; lastKnownFileType = sourcecode.c.objc; path = SYMetadata.m; sourceTree = "<group>"; };
		9764B91F1E434D4000DD31A9 /* SYMetadata8BIM.h */ = {isa = PBXFileReference; fileEncoding = 4; lastKnownFileType = sourcecode.c.h; path = SYMetadata8BIM.h; sourceTree = "<group>"; };
		9764B9201E434D4000DD31A9 /* SYMetadata8BIM.m */ = {isa = PBXFileReference; fileEncoding = 4; lastKnownFileType = sourcecode.c.objc; path = SYMetadata8BIM.m; sourceTree = "<group>"; };
		9764B9211E434D4000DD31A9 /* SYMetadataBase.h */ = {isa = PBXFileReference; fileEncoding = 4; lastKnownFileType = sourcecode.c.h; path = SYMetadataBase.h; sourceTree = "<group>"; };
		9764B9221E434D4000DD31A9 /* SYMetadataBase.m */ = {isa = PBXFileReference; fileEncoding = 4; lastKnownFileType = sourcecode.c.objc; path = SYMetadataBase.m; sourceTree = "<group>"; };
		9764B9231E434D4000DD31A9 /* SYMetadataCIFF.h */ = {isa = PBXFileReference; fileEncoding = 4; lastKnownFileType = sourcecode.c.h; path = SYMetadataCIFF.h; sourceTree = "<group>"; };
		9764B9241E434D4000DD31A9 /* SYMetadataCIFF.m */ = {isa = PBXFileReference; fileEncoding = 4; lastKnownFileType = sourcecode.c.objc; path = SYMetadataCIFF.m; sourceTree = "<group>"; };
		9764B9251E434D4000DD31A9 /* SYMetadataDNG.h */ = {isa = PBXFileReference; fileEncoding = 4; lastKnownFileType = sourcecode.c.h; path = SYMetadataDNG.h; sourceTree = "<group>"; };
		9764B9261E434D4000DD31A9 /* SYMetadataDNG.m */ = {isa = PBXFileReference; fileEncoding = 4; lastKnownFileType = sourcecode.c.objc; path = SYMetadataDNG.m; sourceTree = "<group>"; };
		9764B9271E434D4000DD31A9 /* SYMetadataExif.h */ = {isa = PBXFileReference; fileEncoding = 4; lastKnownFileType = sourcecode.c.h; path = SYMetadataExif.h; sourceTree = "<group>"; };
		9764B9281E434D4000DD31A9 /* SYMetadataExif.m */ = {isa = PBXFileReference; fileEncoding = 4; lastKnownFileType = sourcecode.c.objc; path = SYMetadataExif.m; sourceTree = "<group>"; };
		9764B9291E434D4000DD31A9 /* SYMetadataExifAux.h */ = {isa = PBXFileReference; fileEncoding = 4; lastKnownFileType = sourcecode.c.h; path = SYMetadataExifAux.h; sourceTree = "<group>"; };
		9764B92A1E434D4000DD31A9 /* SYMetadataExifAux.m */ = {isa = PBXFileReference; fileEncoding = 4; lastKnownFileType = sourcecode.c.objc; path = SYMetadataExifAux.m; sourceTree = "<group>"; };
		9764B92B1E434D4000DD31A9 /* SYMetadataGIF.h */ = {isa = PBXFileReference; fileEncoding = 4; lastKnownFileType = sourcecode.c.h; path = SYMetadataGIF.h; sourceTree = "<group>"; };
		9764B92C1E434D4000DD31A9 /* SYMetadataGIF.m */ = {isa = PBXFileReference; fileEncoding = 4; lastKnownFileType = sourcecode.c.objc; path = SYMetadataGIF.m; sourceTree = "<group>"; };
		9764B92D1E434D4000DD31A9 /* SYMetadataGPS.h */ = {isa = PBXFileReference; fileEncoding = 4; lastKnownFileType = sourcecode.c.h; path = SYMetadataGPS.h; sourceTree = "<group>"; };
		9764B92E1E434D4000DD31A9 /* SYMetadataGPS.m */ = {isa = PBXFileReference; fileEncoding = 4; lastKnownFileType = sourcecode.c.objc; path = SYMetadataGPS.m; sourceTree = "<group>"; };
		9764B92F1E434D4000DD31A9 /* SYMetadataIPTC.h */ = {isa = PBXFileReference; fileEncoding = 4; lastKnownFileType = sourcecode.c.h; path = SYMetadataIPTC.h; sourceTree = "<group>"; };
		9764B9301E434D4000DD31A9 /* SYMetadataIPTC.m */ = {isa = PBXFileReference; fileEncoding = 4; lastKnownFileType = sourcecode.c.objc; path = SYMetadataIPTC.m; sourceTree = "<group>"; };
		9764B9311E434D4000DD31A9 /* SYMetadataJFIF.h */ = {isa = PBXFileReference; fileEncoding = 4; lastKnownFileType = sourcecode.c.h; path = SYMetadataJFIF.h; sourceTree = "<group>"; };
		9764B9321E434D4000DD31A9 /* SYMetadataJFIF.m */ = {isa = PBXFileReference; fileEncoding = 4; lastKnownFileType = sourcecode.c.objc; path = SYMetadataJFIF.m; sourceTree = "<group>"; };
		9764B9351E434D4000DD31A9 /* SYMetadataMakerCanon.h */ = {isa = PBXFileReference; fileEncoding = 4; lastKnownFileType = sourcecode.c.h; path = SYMetadataMakerCanon.h; sourceTree = "<group>"; };
		9764B9361E434D4000DD31A9 /* SYMetadataMakerCanon.m */ = {isa = PBXFileReference; fileEncoding = 4; lastKnownFileType = sourcecode.c.objc; path = SYMetadataMakerCanon.m; sourceTree = "<group>"; };
		9764B9391E434D4000DD31A9 /* SYMetadataMakerMinolta.h */ = {isa = PBXFileReference; fileEncoding = 4; lastKnownFileType = sourcecode.c.h; path = SYMetadataMakerMinolta.h; sourceTree = "<group>"; };
		9764B93A1E434D4000DD31A9 /* SYMetadataMakerMinolta.m */ = {isa = PBXFileReference; fileEncoding = 4; lastKnownFileType = sourcecode.c.objc; path = SYMetadataMakerMinolta.m; sourceTree = "<group>"; };
		9764B93B1E434D4000DD31A9 /* SYMetadataMakerNikon.h */ = {isa = PBXFileReference; fileEncoding = 4; lastKnownFileType = sourcecode.c.h; path = SYMetadataMakerNikon.h; sourceTree = "<group>"; };
		9764B93C1E434D4000DD31A9 /* SYMetadataMakerNikon.m */ = {isa = PBXFileReference; fileEncoding = 4; lastKnownFileType = sourcecode.c.objc; path = SYMetadataMakerNikon.m; sourceTree = "<group>"; };
		9764B93D1E434D4000DD31A9 /* SYMetadataMakerOlympus.h */ = {isa = PBXFileReference; fileEncoding = 4; lastKnownFileType = sourcecode.c.h; path = SYMetadataMakerOlympus.h; sourceTree = "<group>"; };
		9764B93E1E434D4000DD31A9 /* SYMetadataMakerOlympus.m */ = {isa = PBXFileReference; fileEncoding = 4; lastKnownFileType = sourcecode.c.objc; path = SYMetadataMakerOlympus.m; sourceTree = "<group>"; };
		9764B93F1E434D4000DD31A9 /* SYMetadataMakerPentax.h */ = {isa = PBXFileReference; fileEncoding = 4; lastKnownFileType = sourcecode.c.h; path = SYMetadataMakerPentax.h; sourceTree = "<group>"; };
		9764B9401E434D4000DD31A9 /* SYMetadataMakerPentax.m */ = {isa = PBXFileReference; fileEncoding = 4; lastKnownFileType = sourcecode.c.objc; path = SYMetadataMakerPentax.m; sourceTree = "<group>"; };
		9764B9411E434D4000DD31A9 /* SYMetadataPNG.h */ = {isa = PBXFileReference; fileEncoding = 4; lastKnownFileType = sourcecode.c.h; path = SYMetadataPNG.h; sourceTree = "<group>"; };
		9764B9421E434D4000DD31A9 /* SYMetadataPNG.m */ = {isa = PBXFileReference; fileEncoding = 4; lastKnownFileType = sourcecode.c.objc; path = SYMetadataPNG.m; sourceTree = "<group>"; };
		9764B9431E434D4000DD31A9 /* SYMetadataRaw.h */ = {isa = PBXFileReference; fileEncoding = 4; lastKnownFileType = sourcecode.c.h; path = SYMetadataRaw.h; sourceTree = "<group>"; };
		9764B9441E434D4000DD31A9 /* SYMetadataRaw.m */ = {isa = PBXFileReference; fileEncoding = 4; lastKnownFileType = sourcecode.c.objc; path = SYMetadataRaw.m; sourceTree = "<group>"; };
		9764B9451E434D4000DD31A9 /* SYMetadataTIFF.h */ = {isa = PBXFileReference; fileEncoding = 4; lastKnownFileType = sourcecode.c.h; path = SYMetadataTIFF.h; sourceTree = "<group>"; };
		9764B9461E434D4000DD31A9 /* SYMetadataTIFF.m */ = {isa = PBXFileReference; fileEncoding = 4; lastKnownFileType = sourcecode.c.objc; path = SYMetadataTIFF.m; sourceTree = "<group>"; };
		9764B9621E4377F600DD31A9 /* Test images */ = {isa = PBXFileReference; lastKnownFileType = folder; path = "Test images"; sourceTree = "<group>"; };
		9764B9641E43909E00DD31A9 /* SYMetadataIPTCContactInfo.h */ = {isa = PBXFileReference; fileEncoding = 4; lastKnownFileType = sourcecode.c.h; path = SYMetadataIPTCContactInfo.h; sourceTree = "<group>"; };
		9764B9651E43909E00DD31A9 /* SYMetadataIPTCContactInfo.m */ = {isa = PBXFileReference; fileEncoding = 4; lastKnownFileType = sourcecode.c.objc; path = SYMetadataIPTCContactInfo.m; sourceTree = "<group>"; };
		9764B9671E44BB2C00DD31A9 /* NSDictionary+SY.h */ = {isa = PBXFileReference; fileEncoding = 4; lastKnownFileType = sourcecode.c.h; path = "NSDictionary+SY.h"; sourceTree = "<group>"; };
		9764B9681E44BB2C00DD31A9 /* NSDictionary+SY.m */ = {isa = PBXFileReference; fileEncoding = 4; lastKnownFileType = sourcecode.c.objc; path = "NSDictionary+SY.m"; sourceTree = "<group>"; };
		977765141E47A5E1001749E0 /* Launch Screen.storyboard */ = {isa = PBXFileReference; fileEncoding = 4; lastKnownFileType = file.storyboard; path = "Launch Screen.storyboard"; sourceTree = "<group>"; };
		97A8EC9C1E47E2FC00A58AF5 /* SYMetadataMakerFuji.h */ = {isa = PBXFileReference; fileEncoding = 4; lastKnownFileType = sourcecode.c.h; path = SYMetadataMakerFuji.h; sourceTree = "<group>"; };
		97A8EC9D1E47E2FC00A58AF5 /* SYMetadataMakerFuji.m */ = {isa = PBXFileReference; fileEncoding = 4; lastKnownFileType = sourcecode.c.objc; path = SYMetadataMakerFuji.m; sourceTree = "<group>"; };
		97A8EC9F1E47E4EB00A58AF5 /* SYSummaryVC.h */ = {isa = PBXFileReference; fileEncoding = 4; lastKnownFileType = sourcecode.c.h; path = SYSummaryVC.h; sourceTree = "<group>"; };
		97A8ECA01E47E4EB00A58AF5 /* SYSummaryVC.m */ = {isa = PBXFileReference; fileEncoding = 4; lastKnownFileType = sourcecode.c.objc; path = SYSummaryVC.m; sourceTree = "<group>"; };
		97A8ECA21E47E58600A58AF5 /* SYSummaryCell.h */ = {isa = PBXFileReference; fileEncoding = 4; lastKnownFileType = sourcecode.c.h; path = SYSummaryCell.h; sourceTree = "<group>"; };
		97A8ECA31E47E58600A58AF5 /* SYSummaryCell.m */ = {isa = PBXFileReference; fileEncoding = 4; lastKnownFileType = sourcecode.c.objc; path = SYSummaryCell.m; sourceTree = "<group>"; };
		97A8ECA41E47E58600A58AF5 /* SYSummaryCell.xib */ = {isa = PBXFileReference; fileEncoding = 4; lastKnownFileType = file.xib; path = SYSummaryCell.xib; sourceTree = "<group>"; };
		97A8ECA91E47E98D00A58AF5 /* SYImagesVC.h */ = {isa = PBXFileReference; fileEncoding = 4; lastKnownFileType = sourcecode.c.h; path = SYImagesVC.h; sourceTree = "<group>"; };
		97A8ECAA1E47E98D00A58AF5 /* SYImagesVC.m */ = {isa = PBXFileReference; fileEncoding = 4; lastKnownFileType = sourcecode.c.objc; path = SYImagesVC.m; sourceTree = "<group>"; };
		97A8ECAC1E47EDA700A58AF5 /* Assets.xcassets */ = {isa = PBXFileReference; lastKnownFileType = folder.assetcatalog; path = Assets.xcassets; sourceTree = "<group>"; };
		97AF03F61E489FBF00AACB7F /* SYPictureMetadataExample-tvOS.app */ = {isa = PBXFileReference; explicitFileType = wrapper.application; includeInIndex = 0; path = "SYPictureMetadataExample-tvOS.app"; sourceTree = BUILT_PRODUCTS_DIR; };
		97AF03F91E489FBF00AACB7F /* main.m */ = {isa = PBXFileReference; lastKnownFileType = sourcecode.c.objc; path = main.m; sourceTree = "<group>"; };
		97AF03FB1E489FBF00AACB7F /* AppDelegate.h */ = {isa = PBXFileReference; lastKnownFileType = sourcecode.c.h; path = AppDelegate.h; sourceTree = "<group>"; };
		97AF03FC1E489FBF00AACB7F /* AppDelegate.m */ = {isa = PBXFileReference; lastKnownFileType = sourcecode.c.objc; path = AppDelegate.m; sourceTree = "<group>"; };
		97AF03FE1E489FBF00AACB7F /* ViewController.h */ = {isa = PBXFileReference; lastKnownFileType = sourcecode.c.h; path = ViewController.h; sourceTree = "<group>"; };
		97AF03FF1E489FBF00AACB7F /* ViewController.m */ = {isa = PBXFileReference; lastKnownFileType = sourcecode.c.objc; path = ViewController.m; sourceTree = "<group>"; };
		97AF04021E489FBF00AACB7F /* Base */ = {isa = PBXFileReference; lastKnownFileType = file.storyboard; name = Base; path = Base.lproj/Main.storyboard; sourceTree = "<group>"; };
		97AF04041E489FBF00AACB7F /* Assets.xcassets */ = {isa = PBXFileReference; lastKnownFileType = folder.assetcatalog; path = Assets.xcassets; sourceTree = "<group>"; };
		97AF04061E489FBF00AACB7F /* Info.plist */ = {isa = PBXFileReference; lastKnownFileType = text.plist.xml; path = Info.plist; sourceTree = "<group>"; };
		9879C06CA6D40CA30683F9AB /* Pods-SYPictureMetadataExample-tvOS.release.xcconfig */ = {isa = PBXFileReference; includeInIndex = 1; lastKnownFileType = text.xcconfig; name = "Pods-SYPictureMetadataExample-tvOS.release.xcconfig"; path = "Pods/Target Support Files/Pods-SYPictureMetadataExample-tvOS/Pods-SYPictureMetadataExample-tvOS.release.xcconfig"; sourceTree = "<group>"; };
		DC814759A79A15EC876F2DE6 /* Pods-SYPictureMetadataExample-tvOS.debug.xcconfig */ = {isa = PBXFileReference; includeInIndex = 1; lastKnownFileType = text.xcconfig; name = "Pods-SYPictureMetadataExample-tvOS.debug.xcconfig"; path = "Pods/Target Support Files/Pods-SYPictureMetadataExample-tvOS/Pods-SYPictureMetadataExample-tvOS.debug.xcconfig"; sourceTree = "<group>"; };
		F80C725F167A0AF000A9110A /* SYPictureMetadataExample.app */ = {isa = PBXFileReference; explicitFileType = wrapper.application; includeInIndex = 0; path = SYPictureMetadataExample.app; sourceTree = BUILT_PRODUCTS_DIR; };
		F80C7263167A0AF000A9110A /* UIKit.framework */ = {isa = PBXFileReference; lastKnownFileType = wrapper.framework; name = UIKit.framework; path = System/Library/Frameworks/UIKit.framework; sourceTree = SDKROOT; };
		F80C7265167A0AF000A9110A /* Foundation.framework */ = {isa = PBXFileReference; lastKnownFileType = wrapper.framework; name = Foundation.framework; path = System/Library/Frameworks/Foundation.framework; sourceTree = SDKROOT; };
		F80C7267167A0AF000A9110A /* CoreGraphics.framework */ = {isa = PBXFileReference; lastKnownFileType = wrapper.framework; name = CoreGraphics.framework; path = System/Library/Frameworks/CoreGraphics.framework; sourceTree = SDKROOT; };
		F80C726B167A0AF100A9110A /* SYPictureMetadataExample-Info.plist */ = {isa = PBXFileReference; lastKnownFileType = text.plist.xml; path = "SYPictureMetadataExample-Info.plist"; sourceTree = "<group>"; };
		F80C726D167A0AF100A9110A /* en */ = {isa = PBXFileReference; lastKnownFileType = text.plist.strings; name = en; path = en.lproj/InfoPlist.strings; sourceTree = "<group>"; };
		F80C726F167A0AF100A9110A /* main.m */ = {isa = PBXFileReference; lastKnownFileType = sourcecode.c.objc; path = main.m; sourceTree = "<group>"; };
		F80C7271167A0AF100A9110A /* SYPictureMetadataExample-Prefix.pch */ = {isa = PBXFileReference; lastKnownFileType = sourcecode.c.h; path = "SYPictureMetadataExample-Prefix.pch"; sourceTree = "<group>"; };
		F80C7272167A0AF100A9110A /* SYAppDelegate.h */ = {isa = PBXFileReference; lastKnownFileType = sourcecode.c.h; path = SYAppDelegate.h; sourceTree = "<group>"; };
		F80C7273167A0AF100A9110A /* SYAppDelegate.m */ = {isa = PBXFileReference; lastKnownFileType = sourcecode.c.objc; path = SYAppDelegate.m; sourceTree = "<group>"; };
		F80C7281167A0AF100A9110A /* SYImageVC.h */ = {isa = PBXFileReference; lastKnownFileType = sourcecode.c.h; path = SYImageVC.h; sourceTree = "<group>"; };
		F80C7282167A0AF100A9110A /* SYImageVC.m */ = {isa = PBXFileReference; lastKnownFileType = sourcecode.c.objc; path = SYImageVC.m; sourceTree = "<group>"; };
		F80C728A167A0B6300A9110A /* Storyboard.storyboard */ = {isa = PBXFileReference; fileEncoding = 4; lastKnownFileType = file.storyboard; path = Storyboard.storyboard; sourceTree = "<group>"; };
		F80C728F167A0C0400A9110A /* AssetsLibrary.framework */ = {isa = PBXFileReference; lastKnownFileType = wrapper.framework; name = AssetsLibrary.framework; path = System/Library/Frameworks/AssetsLibrary.framework; sourceTree = SDKROOT; };
		F80C7294167A18FA00A9110A /* ImageIO.framework */ = {isa = PBXFileReference; lastKnownFileType = wrapper.framework; name = ImageIO.framework; path = System/Library/Frameworks/ImageIO.framework; sourceTree = SDKROOT; };
/* End PBXFileReference section */

/* Begin PBXFrameworksBuildPhase section */
		97AF03F31E489FBF00AACB7F /* Frameworks */ = {
			isa = PBXFrameworksBuildPhase;
			buildActionMask = 2147483647;
			files = (
				9D8DFDF070132A3B8D4BE620 /* libPods-SYPictureMetadataExample-tvOS.a in Frameworks */,
			);
			runOnlyForDeploymentPostprocessing = 0;
		};
		F80C725C167A0AF000A9110A /* Frameworks */ = {
			isa = PBXFrameworksBuildPhase;
			buildActionMask = 2147483647;
			files = (
				F80C7268167A0AF000A9110A /* CoreGraphics.framework in Frameworks */,
				F80C7295167A18FA00A9110A /* ImageIO.framework in Frameworks */,
				F80C7290167A0C0400A9110A /* AssetsLibrary.framework in Frameworks */,
				F80C7264167A0AF000A9110A /* UIKit.framework in Frameworks */,
				F80C7266167A0AF000A9110A /* Foundation.framework in Frameworks */,
				2B41D64A23B72B7374A862A3 /* libPods-SYPictureMetadataExample.a in Frameworks */,
			);
			runOnlyForDeploymentPostprocessing = 0;
		};
/* End PBXFrameworksBuildPhase section */

/* Begin PBXGroup section */
		9764B91C1E434D4000DD31A9 /* SYPictureMetadata */ = {
			isa = PBXGroup;
			children = (
				9764B91D1E434D4000DD31A9 /* SYMetadata.h */,
				9764B91E1E434D4000DD31A9 /* SYMetadata.m */,
				9764B91F1E434D4000DD31A9 /* SYMetadata8BIM.h */,
				9764B9201E434D4000DD31A9 /* SYMetadata8BIM.m */,
				9764B9211E434D4000DD31A9 /* SYMetadataBase.h */,
				9764B9221E434D4000DD31A9 /* SYMetadataBase.m */,
				9764B9231E434D4000DD31A9 /* SYMetadataCIFF.h */,
				9764B9241E434D4000DD31A9 /* SYMetadataCIFF.m */,
				9764B9251E434D4000DD31A9 /* SYMetadataDNG.h */,
				9764B9261E434D4000DD31A9 /* SYMetadataDNG.m */,
				9764B9271E434D4000DD31A9 /* SYMetadataExif.h */,
				9764B9281E434D4000DD31A9 /* SYMetadataExif.m */,
				9764B9291E434D4000DD31A9 /* SYMetadataExifAux.h */,
				9764B92A1E434D4000DD31A9 /* SYMetadataExifAux.m */,
				9764B92B1E434D4000DD31A9 /* SYMetadataGIF.h */,
				9764B92C1E434D4000DD31A9 /* SYMetadataGIF.m */,
				9764B92D1E434D4000DD31A9 /* SYMetadataGPS.h */,
				9764B92E1E434D4000DD31A9 /* SYMetadataGPS.m */,
				9764B92F1E434D4000DD31A9 /* SYMetadataIPTC.h */,
				9764B9301E434D4000DD31A9 /* SYMetadataIPTC.m */,
				9764B9641E43909E00DD31A9 /* SYMetadataIPTCContactInfo.h */,
				9764B9651E43909E00DD31A9 /* SYMetadataIPTCContactInfo.m */,
				9764B9311E434D4000DD31A9 /* SYMetadataJFIF.h */,
				9764B9321E434D4000DD31A9 /* SYMetadataJFIF.m */,
				9764B9351E434D4000DD31A9 /* SYMetadataMakerCanon.h */,
				9764B9361E434D4000DD31A9 /* SYMetadataMakerCanon.m */,
				97A8EC9C1E47E2FC00A58AF5 /* SYMetadataMakerFuji.h */,
				97A8EC9D1E47E2FC00A58AF5 /* SYMetadataMakerFuji.m */,
				9764B9391E434D4000DD31A9 /* SYMetadataMakerMinolta.h */,
				9764B93A1E434D4000DD31A9 /* SYMetadataMakerMinolta.m */,
				9764B93B1E434D4000DD31A9 /* SYMetadataMakerNikon.h */,
				9764B93C1E434D4000DD31A9 /* SYMetadataMakerNikon.m */,
				9764B93D1E434D4000DD31A9 /* SYMetadataMakerOlympus.h */,
				9764B93E1E434D4000DD31A9 /* SYMetadataMakerOlympus.m */,
				9764B93F1E434D4000DD31A9 /* SYMetadataMakerPentax.h */,
				9764B9401E434D4000DD31A9 /* SYMetadataMakerPentax.m */,
				9764B9411E434D4000DD31A9 /* SYMetadataPNG.h */,
				9764B9421E434D4000DD31A9 /* SYMetadataPNG.m */,
				9764B9431E434D4000DD31A9 /* SYMetadataRaw.h */,
				9764B9441E434D4000DD31A9 /* SYMetadataRaw.m */,
				9764B9451E434D4000DD31A9 /* SYMetadataTIFF.h */,
				9764B9461E434D4000DD31A9 /* SYMetadataTIFF.m */,
				9764B9671E44BB2C00DD31A9 /* NSDictionary+SY.h */,
				9764B9681E44BB2C00DD31A9 /* NSDictionary+SY.m */,
			);
			name = SYPictureMetadata;
			path = ../SYPictureMetadata;
			sourceTree = "<group>";
		};
		97A8ECA71E47E58B00A58AF5 /* Cells */ = {
			isa = PBXGroup;
			children = (
				97A8ECA21E47E58600A58AF5 /* SYSummaryCell.h */,
				97A8ECA31E47E58600A58AF5 /* SYSummaryCell.m */,
				97A8ECA41E47E58600A58AF5 /* SYSummaryCell.xib */,
			);
			name = Cells;
			sourceTree = "<group>";
		};
		97A8ECA81E47E59000A58AF5 /* VCs */ = {
			isa = PBXGroup;
			children = (
				97A8EC9F1E47E4EB00A58AF5 /* SYSummaryVC.h */,
				97A8ECA01E47E4EB00A58AF5 /* SYSummaryVC.m */,
				97A8ECA91E47E98D00A58AF5 /* SYImagesVC.h */,
				97A8ECAA1E47E98D00A58AF5 /* SYImagesVC.m */,
				F80C7281167A0AF100A9110A /* SYImageVC.h */,
				F80C7282167A0AF100A9110A /* SYImageVC.m */,
			);
			name = VCs;
			sourceTree = "<group>";
		};
		97AF03F71E489FBF00AACB7F /* SYPictureMetadataExample-tvOS */ = {
			isa = PBXGroup;
			children = (
				97AF03FB1E489FBF00AACB7F /* AppDelegate.h */,
				97AF03FC1E489FBF00AACB7F /* AppDelegate.m */,
				97AF03FE1E489FBF00AACB7F /* ViewController.h */,
				97AF03FF1E489FBF00AACB7F /* ViewController.m */,
				97AF04011E489FBF00AACB7F /* Main.storyboard */,
				97AF04041E489FBF00AACB7F /* Assets.xcassets */,
				97AF04061E489FBF00AACB7F /* Info.plist */,
				97AF03F81E489FBF00AACB7F /* Supporting Files */,
			);
			path = "SYPictureMetadataExample-tvOS";
			sourceTree = "<group>";
		};
		97AF03F81E489FBF00AACB7F /* Supporting Files */ = {
			isa = PBXGroup;
			children = (
				97AF03F91E489FBF00AACB7F /* main.m */,
			);
			name = "Supporting Files";
			sourceTree = "<group>";
		};
		E97092C5FF2032C4B5013B11 /* Pods */ = {
			isa = PBXGroup;
			children = (
				7550A80FE971E2F5F4542092 /* Pods-SYPictureMetadataExample.debug.xcconfig */,
				60AF7B2A810A6A3461214FF4 /* Pods-SYPictureMetadataExample.release.xcconfig */,
				DC814759A79A15EC876F2DE6 /* Pods-SYPictureMetadataExample-tvOS.debug.xcconfig */,
				9879C06CA6D40CA30683F9AB /* Pods-SYPictureMetadataExample-tvOS.release.xcconfig */,
			);
			name = Pods;
			sourceTree = "<group>";
		};
		F80C7254167A0AF000A9110A = {
			isa = PBXGroup;
			children = (
				9764B9621E4377F600DD31A9 /* Test images */,
				9764B91C1E434D4000DD31A9 /* SYPictureMetadata */,
				F80C7269167A0AF000A9110A /* SYPictureMetadataExample */,
				97AF03F71E489FBF00AACB7F /* SYPictureMetadataExample-tvOS */,
				F80C7262167A0AF000A9110A /* Frameworks */,
				F80C7260167A0AF000A9110A /* Products */,
				E97092C5FF2032C4B5013B11 /* Pods */,
			);
			sourceTree = "<group>";
		};
		F80C7260167A0AF000A9110A /* Products */ = {
			isa = PBXGroup;
			children = (
				F80C725F167A0AF000A9110A /* SYPictureMetadataExample.app */,
				97AF03F61E489FBF00AACB7F /* SYPictureMetadataExample-tvOS.app */,
			);
			name = Products;
			sourceTree = "<group>";
		};
		F80C7262167A0AF000A9110A /* Frameworks */ = {
			isa = PBXGroup;
			children = (
				F80C7294167A18FA00A9110A /* ImageIO.framework */,
				F80C728F167A0C0400A9110A /* AssetsLibrary.framework */,
				F80C7263167A0AF000A9110A /* UIKit.framework */,
				F80C7265167A0AF000A9110A /* Foundation.framework */,
				F80C7267167A0AF000A9110A /* CoreGraphics.framework */,
				621FAA45F418A13D86793197 /* libPods-SYPictureMetadataExample.a */,
				0A06FF21C0DBC118BD78BCAD /* libPods-SYPictureMetadataExample-tvOS.a */,
			);
			name = Frameworks;
			sourceTree = "<group>";
		};
		F80C7269167A0AF000A9110A /* SYPictureMetadataExample */ = {
			isa = PBXGroup;
			children = (
				97A8ECA81E47E59000A58AF5 /* VCs */,
				97A8ECA71E47E58B00A58AF5 /* Cells */,
				F80C7272167A0AF100A9110A /* SYAppDelegate.h */,
				F80C7273167A0AF100A9110A /* SYAppDelegate.m */,
				F80C726A167A0AF000A9110A /* Supporting Files */,
				F80C728A167A0B6300A9110A /* Storyboard.storyboard */,
				977765141E47A5E1001749E0 /* Launch Screen.storyboard */,
				97A8ECAC1E47EDA700A58AF5 /* Assets.xcassets */,
			);
			path = SYPictureMetadataExample;
			sourceTree = "<group>";
		};
		F80C726A167A0AF000A9110A /* Supporting Files */ = {
			isa = PBXGroup;
			children = (
				F80C726B167A0AF100A9110A /* SYPictureMetadataExample-Info.plist */,
				F80C726C167A0AF100A9110A /* InfoPlist.strings */,
				F80C726F167A0AF100A9110A /* main.m */,
				F80C7271167A0AF100A9110A /* SYPictureMetadataExample-Prefix.pch */,
			);
			name = "Supporting Files";
			sourceTree = "<group>";
		};
/* End PBXGroup section */

/* Begin PBXNativeTarget section */
		97AF03F51E489FBF00AACB7F /* SYPictureMetadataExample-tvOS */ = {
			isa = PBXNativeTarget;
			buildConfigurationList = 97AF04091E489FBF00AACB7F /* Build configuration list for PBXNativeTarget "SYPictureMetadataExample-tvOS" */;
			buildPhases = (
				54C0A5A96C06672CA7C8B72A /* [CP] Check Pods Manifest.lock */,
				97AF03F21E489FBF00AACB7F /* Sources */,
				97AF03F31E489FBF00AACB7F /* Frameworks */,
				97AF03F41E489FBF00AACB7F /* Resources */,
				E46ACA96F7206A51EA11674C /* [CP] Embed Pods Frameworks */,
				6A1F9263C730BCEEAB2CCA6B /* [CP] Copy Pods Resources */,
			);
			buildRules = (
			);
			dependencies = (
			);
			name = "SYPictureMetadataExample-tvOS";
			productName = "SYPictureMetadataExample-tvOS";
			productReference = 97AF03F61E489FBF00AACB7F /* SYPictureMetadataExample-tvOS.app */;
			productType = "com.apple.product-type.application";
		};
		F80C725E167A0AF000A9110A /* SYPictureMetadataExample */ = {
			isa = PBXNativeTarget;
			buildConfigurationList = F80C7286167A0AF100A9110A /* Build configuration list for PBXNativeTarget "SYPictureMetadataExample" */;
			buildPhases = (
				13593AC653860A08E36F250D /* [CP] Check Pods Manifest.lock */,
				F80C725B167A0AF000A9110A /* Sources */,
				F80C725C167A0AF000A9110A /* Frameworks */,
				F80C725D167A0AF000A9110A /* Resources */,
				4A2D0775805E3ED93A2F4722 /* [CP] Embed Pods Frameworks */,
				816B69B1590D0ABAA155C37A /* [CP] Copy Pods Resources */,
			);
			buildRules = (
			);
			dependencies = (
			);
			name = SYPictureMetadataExample;
			productName = SYPictureMetadataExample;
			productReference = F80C725F167A0AF000A9110A /* SYPictureMetadataExample.app */;
			productType = "com.apple.product-type.application";
		};
/* End PBXNativeTarget section */

/* Begin PBXProject section */
		F80C7256167A0AF000A9110A /* Project object */ = {
			isa = PBXProject;
			attributes = {
				CLASSPREFIX = SY;
				LastUpgradeCheck = 0820;
				ORGANIZATIONNAME = Syan;
				TargetAttributes = {
					97AF03F51E489FBF00AACB7F = {
						CreatedOnToolsVersion = 8.2;
						DevelopmentTeam = 79RY8264V4;
						ProvisioningStyle = Automatic;
					};
					F80C725E167A0AF000A9110A = {
						DevelopmentTeam = 79RY8264V4;
					};
				};
			};
			buildConfigurationList = F80C7259167A0AF000A9110A /* Build configuration list for PBXProject "SYPictureMetadataExample" */;
			compatibilityVersion = "Xcode 3.2";
			developmentRegion = English;
			hasScannedForEncodings = 0;
			knownRegions = (
				en,
				Base,
			);
			mainGroup = F80C7254167A0AF000A9110A;
			productRefGroup = F80C7260167A0AF000A9110A /* Products */;
			projectDirPath = "";
			projectRoot = "";
			targets = (
				F80C725E167A0AF000A9110A /* SYPictureMetadataExample */,
				97AF03F51E489FBF00AACB7F /* SYPictureMetadataExample-tvOS */,
			);
		};
/* End PBXProject section */

/* Begin PBXResourcesBuildPhase section */
		97AF03F41E489FBF00AACB7F /* Resources */ = {
			isa = PBXResourcesBuildPhase;
			buildActionMask = 2147483647;
			files = (
				97AF04051E489FBF00AACB7F /* Assets.xcassets in Resources */,
				97AF04031E489FBF00AACB7F /* Main.storyboard in Resources */,
			);
			runOnlyForDeploymentPostprocessing = 0;
		};
		F80C725D167A0AF000A9110A /* Resources */ = {
			isa = PBXResourcesBuildPhase;
			buildActionMask = 2147483647;
			files = (
				F80C726E167A0AF100A9110A /* InfoPlist.strings in Resources */,
				9764B9631E4377F600DD31A9 /* Test images in Resources */,
				97A8ECA61E47E58600A58AF5 /* SYSummaryCell.xib in Resources */,
				F80C728B167A0B6300A9110A /* Storyboard.storyboard in Resources */,
				97A8ECAD1E47EDA700A58AF5 /* Assets.xcassets in Resources */,
				977765151E47A5E1001749E0 /* Launch Screen.storyboard in Resources */,
			);
			runOnlyForDeploymentPostprocessing = 0;
		};
/* End PBXResourcesBuildPhase section */

/* Begin PBXShellScriptBuildPhase section */
		13593AC653860A08E36F250D /* [CP] Check Pods Manifest.lock */ = {
			isa = PBXShellScriptBuildPhase;
			buildActionMask = 2147483647;
			files = (
			);
			inputPaths = (
			);
			name = "[CP] Check Pods Manifest.lock";
			outputPaths = (
			);
			runOnlyForDeploymentPostprocessing = 0;
			shellPath = /bin/sh;
			shellScript = "diff \"${PODS_ROOT}/../Podfile.lock\" \"${PODS_ROOT}/Manifest.lock\" > /dev/null\nif [ $? != 0 ] ; then\n    # print error to STDERR\n    echo \"error: The sandbox is not in sync with the Podfile.lock. Run 'pod install' or update your CocoaPods installation.\" >&2\n    exit 1\nfi\n";
			showEnvVarsInLog = 0;
		};
		4A2D0775805E3ED93A2F4722 /* [CP] Embed Pods Frameworks */ = {
			isa = PBXShellScriptBuildPhase;
			buildActionMask = 2147483647;
			files = (
			);
			inputPaths = (
			);
			name = "[CP] Embed Pods Frameworks";
			outputPaths = (
			);
			runOnlyForDeploymentPostprocessing = 0;
			shellPath = /bin/sh;
			shellScript = "\"${SRCROOT}/Pods/Target Support Files/Pods-SYPictureMetadataExample/Pods-SYPictureMetadataExample-frameworks.sh\"\n";
			showEnvVarsInLog = 0;
		};
		54C0A5A96C06672CA7C8B72A /* [CP] Check Pods Manifest.lock */ = {
			isa = PBXShellScriptBuildPhase;
			buildActionMask = 2147483647;
			files = (
			);
			inputPaths = (
			);
			name = "[CP] Check Pods Manifest.lock";
			outputPaths = (
			);
			runOnlyForDeploymentPostprocessing = 0;
			shellPath = /bin/sh;
			shellScript = "diff \"${PODS_ROOT}/../Podfile.lock\" \"${PODS_ROOT}/Manifest.lock\" > /dev/null\nif [ $? != 0 ] ; then\n    # print error to STDERR\n    echo \"error: The sandbox is not in sync with the Podfile.lock. Run 'pod install' or update your CocoaPods installation.\" >&2\n    exit 1\nfi\n";
			showEnvVarsInLog = 0;
		};
		6A1F9263C730BCEEAB2CCA6B /* [CP] Copy Pods Resources */ = {
			isa = PBXShellScriptBuildPhase;
			buildActionMask = 2147483647;
			files = (
			);
			inputPaths = (
			);
			name = "[CP] Copy Pods Resources";
			outputPaths = (
			);
			runOnlyForDeploymentPostprocessing = 0;
			shellPath = /bin/sh;
			shellScript = "\"${SRCROOT}/Pods/Target Support Files/Pods-SYPictureMetadataExample-tvOS/Pods-SYPictureMetadataExample-tvOS-resources.sh\"\n";
			showEnvVarsInLog = 0;
		};
		816B69B1590D0ABAA155C37A /* [CP] Copy Pods Resources */ = {
			isa = PBXShellScriptBuildPhase;
			buildActionMask = 2147483647;
			files = (
			);
			inputPaths = (
			);
			name = "[CP] Copy Pods Resources";
			outputPaths = (
			);
			runOnlyForDeploymentPostprocessing = 0;
			shellPath = /bin/sh;
			shellScript = "\"${SRCROOT}/Pods/Target Support Files/Pods-SYPictureMetadataExample/Pods-SYPictureMetadataExample-resources.sh\"\n";
			showEnvVarsInLog = 0;
		};
		E46ACA96F7206A51EA11674C /* [CP] Embed Pods Frameworks */ = {
			isa = PBXShellScriptBuildPhase;
			buildActionMask = 2147483647;
			files = (
			);
			inputPaths = (
			);
			name = "[CP] Embed Pods Frameworks";
			outputPaths = (
			);
			runOnlyForDeploymentPostprocessing = 0;
			shellPath = /bin/sh;
			shellScript = "\"${SRCROOT}/Pods/Target Support Files/Pods-SYPictureMetadataExample-tvOS/Pods-SYPictureMetadataExample-tvOS-frameworks.sh\"\n";
			showEnvVarsInLog = 0;
		};
/* End PBXShellScriptBuildPhase section */

/* Begin PBXSourcesBuildPhase section */
		97AF03F21E489FBF00AACB7F /* Sources */ = {
			isa = PBXSourcesBuildPhase;
			buildActionMask = 2147483647;
			files = (
				97AF041F1E489FE800AACB7F /* NSDictionary+SY.m in Sources */,
				97AF041D1E489FE800AACB7F /* SYMetadataRaw.m in Sources */,
				97AF041E1E489FE800AACB7F /* SYMetadataTIFF.m in Sources */,
				97AF040E1E489FE800AACB7F /* SYMetadataDNG.m in Sources */,
				97AF04111E489FE800AACB7F /* SYMetadataGIF.m in Sources */,
				97AF040F1E489FE800AACB7F /* SYMetadataExif.m in Sources */,
				97AF040D1E489FE800AACB7F /* SYMetadataCIFF.m in Sources */,
				97AF04131E489FE800AACB7F /* SYMetadataIPTC.m in Sources */,
				97AF040A1E489FE800AACB7F /* SYMetadata.m in Sources */,
				97AF04181E489FE800AACB7F /* SYMetadataMakerMinolta.m in Sources */,
				97AF040B1E489FE800AACB7F /* SYMetadata8BIM.m in Sources */,
				97AF04141E489FE800AACB7F /* SYMetadataIPTCContactInfo.m in Sources */,
				97AF04191E489FE800AACB7F /* SYMetadataMakerNikon.m in Sources */,
				97AF04001E489FBF00AACB7F /* ViewController.m in Sources */,
				97AF040C1E489FE800AACB7F /* SYMetadataBase.m in Sources */,
				97AF041C1E489FE800AACB7F /* SYMetadataPNG.m in Sources */,
				97AF04151E489FE800AACB7F /* SYMetadataJFIF.m in Sources */,
				97AF041A1E489FE800AACB7F /* SYMetadataMakerOlympus.m in Sources */,
				97AF03FD1E489FBF00AACB7F /* AppDelegate.m in Sources */,
				97AF04121E489FE800AACB7F /* SYMetadataGPS.m in Sources */,
				97AF041B1E489FE800AACB7F /* SYMetadataMakerPentax.m in Sources */,
				97AF04171E489FE800AACB7F /* SYMetadataMakerFuji.m in Sources */,
				97AF04161E489FE800AACB7F /* SYMetadataMakerCanon.m in Sources */,
				97AF03FA1E489FBF00AACB7F /* main.m in Sources */,
				97AF04101E489FE800AACB7F /* SYMetadataExifAux.m in Sources */,
			);
			runOnlyForDeploymentPostprocessing = 0;
		};
		F80C725B167A0AF000A9110A /* Sources */ = {
			isa = PBXSourcesBuildPhase;
			buildActionMask = 2147483647;
			files = (
				9764B9691E44BB2C00DD31A9 /* NSDictionary+SY.m in Sources */,
				9764B95A1E434D4000DD31A9 /* SYMetadataRaw.m in Sources */,
				97A8ECAB1E47E98D00A58AF5 /* SYImagesVC.m in Sources */,
				9764B95B1E434D4000DD31A9 /* SYMetadataTIFF.m in Sources */,
				9764B94B1E434D4000DD31A9 /* SYMetadataDNG.m in Sources */,
				9764B94E1E434D4000DD31A9 /* SYMetadataGIF.m in Sources */,
				9764B94C1E434D4000DD31A9 /* SYMetadataExif.m in Sources */,
				9764B94A1E434D4000DD31A9 /* SYMetadataCIFF.m in Sources */,
				97A8ECA11E47E4EB00A58AF5 /* SYSummaryVC.m in Sources */,
				97A8ECA51E47E58600A58AF5 /* SYSummaryCell.m in Sources */,
				9764B9501E434D4000DD31A9 /* SYMetadataIPTC.m in Sources */,
				9764B9471E434D4000DD31A9 /* SYMetadata.m in Sources */,
				9764B9551E434D4000DD31A9 /* SYMetadataMakerMinolta.m in Sources */,
				9764B9481E434D4000DD31A9 /* SYMetadata8BIM.m in Sources */,
				9764B9661E43909E00DD31A9 /* SYMetadataIPTCContactInfo.m in Sources */,
				F80C7270167A0AF100A9110A /* main.m in Sources */,
				9764B9561E434D4000DD31A9 /* SYMetadataMakerNikon.m in Sources */,
				9764B9491E434D4000DD31A9 /* SYMetadataBase.m in Sources */,
				9764B9511E434D4000DD31A9 /* SYMetadataJFIF.m in Sources */,
				9764B9591E434D4000DD31A9 /* SYMetadataPNG.m in Sources */,
				F80C7274167A0AF100A9110A /* SYAppDelegate.m in Sources */,
				9764B9571E434D4000DD31A9 /* SYMetadataMakerOlympus.m in Sources */,
				9764B94F1E434D4000DD31A9 /* SYMetadataGPS.m in Sources */,
				9764B9581E434D4000DD31A9 /* SYMetadataMakerPentax.m in Sources */,
				9764B9531E434D4000DD31A9 /* SYMetadataMakerCanon.m in Sources */,
				F80C7283167A0AF100A9110A /* SYImageVC.m in Sources */,
				97A8EC9E1E47E2FC00A58AF5 /* SYMetadataMakerFuji.m in Sources */,
				9764B94D1E434D4000DD31A9 /* SYMetadataExifAux.m in Sources */,
			);
			runOnlyForDeploymentPostprocessing = 0;
		};
/* End PBXSourcesBuildPhase section */

/* Begin PBXVariantGroup section */
		97AF04011E489FBF00AACB7F /* Main.storyboard */ = {
			isa = PBXVariantGroup;
			children = (
				97AF04021E489FBF00AACB7F /* Base */,
			);
			name = Main.storyboard;
			sourceTree = "<group>";
		};
		F80C726C167A0AF100A9110A /* InfoPlist.strings */ = {
			isa = PBXVariantGroup;
			children = (
				F80C726D167A0AF100A9110A /* en */,
			);
			name = InfoPlist.strings;
			sourceTree = "<group>";
		};
/* End PBXVariantGroup section */

/* Begin XCBuildConfiguration section */
		97AF04071E489FBF00AACB7F /* Debug */ = {
			isa = XCBuildConfiguration;
			baseConfigurationReference = DC814759A79A15EC876F2DE6 /* Pods-SYPictureMetadataExample-tvOS.debug.xcconfig */;
			buildSettings = {
				ASSETCATALOG_COMPILER_APPICON_NAME = "App Icon & Top Shelf Image";
				ASSETCATALOG_COMPILER_LAUNCHIMAGE_NAME = LaunchImage;
				CLANG_ANALYZER_NONNULL = YES;
				CLANG_WARN_DIRECT_OBJC_ISA_USAGE = YES_ERROR;
				CLANG_WARN_DOCUMENTATION_COMMENTS = YES;
				CLANG_WARN_OBJC_ROOT_CLASS = YES_ERROR;
				DEBUG_INFORMATION_FORMAT = dwarf;
				DEVELOPMENT_TEAM = 79RY8264V4;
				GCC_WARN_ABOUT_RETURN_TYPE = YES_ERROR;
				GCC_WARN_UNINITIALIZED_AUTOS = YES_AGGRESSIVE;
				INFOPLIST_FILE = "SYPictureMetadataExample-tvOS/Info.plist";
				LD_RUNPATH_SEARCH_PATHS = "$(inherited) @executable_path/Frameworks";
				MTL_ENABLE_DEBUG_INFO = YES;
				PRODUCT_BUNDLE_IDENTIFIER = "me.syan.SYPictureMetadataExample-tvOS";
				PRODUCT_NAME = "$(TARGET_NAME)";
				SDKROOT = appletvos;
				TARGETED_DEVICE_FAMILY = 3;
				TVOS_DEPLOYMENT_TARGET = 10.1;
			};
			name = Debug;
		};
		97AF04081E489FBF00AACB7F /* Release */ = {
			isa = XCBuildConfiguration;
			baseConfigurationReference = 9879C06CA6D40CA30683F9AB /* Pods-SYPictureMetadataExample-tvOS.release.xcconfig */;
			buildSettings = {
				ASSETCATALOG_COMPILER_APPICON_NAME = "App Icon & Top Shelf Image";
				ASSETCATALOG_COMPILER_LAUNCHIMAGE_NAME = LaunchImage;
				CLANG_ANALYZER_NONNULL = YES;
				CLANG_WARN_DIRECT_OBJC_ISA_USAGE = YES_ERROR;
				CLANG_WARN_DOCUMENTATION_COMMENTS = YES;
				CLANG_WARN_OBJC_ROOT_CLASS = YES_ERROR;
				COPY_PHASE_STRIP = NO;
				DEBUG_INFORMATION_FORMAT = "dwarf-with-dsym";
				DEVELOPMENT_TEAM = 79RY8264V4;
				ENABLE_NS_ASSERTIONS = NO;
				GCC_WARN_ABOUT_RETURN_TYPE = YES_ERROR;
				GCC_WARN_UNINITIALIZED_AUTOS = YES_AGGRESSIVE;
				INFOPLIST_FILE = "SYPictureMetadataExample-tvOS/Info.plist";
				LD_RUNPATH_SEARCH_PATHS = "$(inherited) @executable_path/Frameworks";
				MTL_ENABLE_DEBUG_INFO = NO;
				PRODUCT_BUNDLE_IDENTIFIER = "me.syan.SYPictureMetadataExample-tvOS";
				PRODUCT_NAME = "$(TARGET_NAME)";
				SDKROOT = appletvos;
				TARGETED_DEVICE_FAMILY = 3;
				TVOS_DEPLOYMENT_TARGET = 10.1;
			};
			name = Release;
		};
		F80C7284167A0AF100A9110A /* Debug */ = {
			isa = XCBuildConfiguration;
			buildSettings = {
				ALWAYS_SEARCH_USER_PATHS = NO;
				CLANG_CXX_LANGUAGE_STANDARD = "gnu++0x";
				CLANG_CXX_LIBRARY = "libc++";
				CLANG_ENABLE_MODULES = YES;
				CLANG_ENABLE_OBJC_ARC = YES;
				CLANG_WARN_BOOL_CONVERSION = YES;
				CLANG_WARN_CONSTANT_CONVERSION = YES;
				CLANG_WARN_DEPRECATED_OBJC_IMPLEMENTATIONS = YES;
				CLANG_WARN_EMPTY_BODY = YES;
				CLANG_WARN_ENUM_CONVERSION = YES;
				CLANG_WARN_INFINITE_RECURSION = YES;
				CLANG_WARN_INT_CONVERSION = YES;
				CLANG_WARN_OBJC_IMPLICIT_RETAIN_SELF = YES;
				CLANG_WARN_OBJC_REPEATED_USE_OF_WEAK = YES;
				CLANG_WARN_SUSPICIOUS_IMPLICIT_CONVERSION = YES;
				CLANG_WARN_SUSPICIOUS_MOVE = YES;
				CLANG_WARN_UNREACHABLE_CODE = YES;
				CLANG_WARN__DUPLICATE_METHOD_MATCH = YES;
				"CODE_SIGN_IDENTITY[sdk=iphoneos*]" = "iPhone Developer";
				COPY_PHASE_STRIP = NO;
				ENABLE_STRICT_OBJC_MSGSEND = YES;
				ENABLE_TESTABILITY = YES;
				GCC_C_LANGUAGE_STANDARD = gnu99;
				GCC_DYNAMIC_NO_PIC = NO;
				GCC_NO_COMMON_BLOCKS = YES;
				GCC_OPTIMIZATION_LEVEL = 0;
				GCC_PREPROCESSOR_DEFINITIONS = (
					"DEBUG=1",
					"$(inherited)",
				);
				GCC_SYMBOLS_PRIVATE_EXTERN = NO;
				GCC_TREAT_IMPLICIT_FUNCTION_DECLARATIONS_AS_ERRORS = YES;
				GCC_TREAT_INCOMPATIBLE_POINTER_TYPE_WARNINGS_AS_ERRORS = YES;
				GCC_WARN_64_TO_32_BIT_CONVERSION = YES;
				GCC_WARN_ABOUT_MISSING_FIELD_INITIALIZERS = YES;
				GCC_WARN_ABOUT_MISSING_NEWLINE = YES;
				GCC_WARN_ABOUT_MISSING_PROTOTYPES = YES;
				GCC_WARN_ABOUT_RETURN_TYPE = YES;
				GCC_WARN_INITIALIZER_NOT_FULLY_BRACKETED = YES;
				GCC_WARN_SHADOW = YES;
				GCC_WARN_STRICT_SELECTOR_MATCH = YES;
				GCC_WARN_UNDECLARED_SELECTOR = YES;
				GCC_WARN_UNINITIALIZED_AUTOS = YES;
				GCC_WARN_UNUSED_FUNCTION = YES;
				GCC_WARN_UNUSED_VARIABLE = YES;
				IPHONEOS_DEPLOYMENT_TARGET = 8.0;
				ONLY_ACTIVE_ARCH = YES;
				SDKROOT = iphoneos;
				TARGETED_DEVICE_FAMILY = "1,2";
			};
			name = Debug;
		};
		F80C7285167A0AF100A9110A /* Release */ = {
			isa = XCBuildConfiguration;
			buildSettings = {
				ALWAYS_SEARCH_USER_PATHS = NO;
				CLANG_CXX_LANGUAGE_STANDARD = "gnu++0x";
				CLANG_CXX_LIBRARY = "libc++";
				CLANG_ENABLE_MODULES = YES;
				CLANG_ENABLE_OBJC_ARC = YES;
				CLANG_WARN_BOOL_CONVERSION = YES;
				CLANG_WARN_CONSTANT_CONVERSION = YES;
				CLANG_WARN_DEPRECATED_OBJC_IMPLEMENTATIONS = YES;
				CLANG_WARN_EMPTY_BODY = YES;
				CLANG_WARN_ENUM_CONVERSION = YES;
				CLANG_WARN_INFINITE_RECURSION = YES;
				CLANG_WARN_INT_CONVERSION = YES;
				CLANG_WARN_OBJC_IMPLICIT_RETAIN_SELF = YES;
				CLANG_WARN_OBJC_REPEATED_USE_OF_WEAK = YES;
				CLANG_WARN_SUSPICIOUS_IMPLICIT_CONVERSION = YES;
				CLANG_WARN_SUSPICIOUS_MOVE = YES;
				CLANG_WARN_UNREACHABLE_CODE = YES;
				CLANG_WARN__DUPLICATE_METHOD_MATCH = YES;
				"CODE_SIGN_IDENTITY[sdk=iphoneos*]" = "iPhone Developer";
				COPY_PHASE_STRIP = YES;
				ENABLE_STRICT_OBJC_MSGSEND = YES;
				GCC_C_LANGUAGE_STANDARD = gnu99;
				GCC_NO_COMMON_BLOCKS = YES;
				GCC_TREAT_IMPLICIT_FUNCTION_DECLARATIONS_AS_ERRORS = YES;
				GCC_TREAT_INCOMPATIBLE_POINTER_TYPE_WARNINGS_AS_ERRORS = YES;
				GCC_WARN_64_TO_32_BIT_CONVERSION = YES;
				GCC_WARN_ABOUT_MISSING_FIELD_INITIALIZERS = YES;
				GCC_WARN_ABOUT_MISSING_NEWLINE = YES;
				GCC_WARN_ABOUT_MISSING_PROTOTYPES = YES;
				GCC_WARN_ABOUT_RETURN_TYPE = YES;
				GCC_WARN_INITIALIZER_NOT_FULLY_BRACKETED = YES;
				GCC_WARN_SHADOW = YES;
				GCC_WARN_STRICT_SELECTOR_MATCH = YES;
				GCC_WARN_UNDECLARED_SELECTOR = YES;
				GCC_WARN_UNINITIALIZED_AUTOS = YES;
				GCC_WARN_UNUSED_FUNCTION = YES;
				GCC_WARN_UNUSED_VARIABLE = YES;
				IPHONEOS_DEPLOYMENT_TARGET = 8.0;
				OTHER_CFLAGS = "-DNS_BLOCK_ASSERTIONS=1";
				SDKROOT = iphoneos;
				TARGETED_DEVICE_FAMILY = "1,2";
				VALIDATE_PRODUCT = YES;
			};
			name = Release;
		};
		F80C7287167A0AF100A9110A /* Debug */ = {
			isa = XCBuildConfiguration;
			baseConfigurationReference = 7550A80FE971E2F5F4542092 /* Pods-SYPictureMetadataExample.debug.xcconfig */;
			buildSettings = {
				DEVELOPMENT_TEAM = 79RY8264V4;
				GCC_PRECOMPILE_PREFIX_HEADER = YES;
				GCC_PREFIX_HEADER = "SYPictureMetadataExample/SYPictureMetadataExample-Prefix.pch";
				GCC_TREAT_INCOMPATIBLE_POINTER_TYPE_WARNINGS_AS_ERRORS = YES;
				INFOPLIST_FILE = "SYPictureMetadataExample/SYPictureMetadataExample-Info.plist";
				IPHONEOS_DEPLOYMENT_TARGET = 8.0;
				PRODUCT_BUNDLE_IDENTIFIER = "fr.syan.${PRODUCT_NAME:rfc1034identifier}";
				PRODUCT_NAME = "$(TARGET_NAME)";
				SDKROOT = iphoneos;
				WRAPPER_EXTENSION = app;
			};
			name = Debug;
		};
		F80C7288167A0AF100A9110A /* Release */ = {
			isa = XCBuildConfiguration;
			baseConfigurationReference = 60AF7B2A810A6A3461214FF4 /* Pods-SYPictureMetadataExample.release.xcconfig */;
			buildSettings = {
				DEVELOPMENT_TEAM = 79RY8264V4;
				GCC_PRECOMPILE_PREFIX_HEADER = YES;
				GCC_PREFIX_HEADER = "SYPictureMetadataExample/SYPictureMetadataExample-Prefix.pch";
				GCC_TREAT_INCOMPATIBLE_POINTER_TYPE_WARNINGS_AS_ERRORS = YES;
				INFOPLIST_FILE = "SYPictureMetadataExample/SYPictureMetadataExample-Info.plist";
				IPHONEOS_DEPLOYMENT_TARGET = 8.0;
				PRODUCT_BUNDLE_IDENTIFIER = "fr.syan.${PRODUCT_NAME:rfc1034identifier}";
				PRODUCT_NAME = "$(TARGET_NAME)";
				SDKROOT = iphoneos;
				WRAPPER_EXTENSION = app;
			};
			name = Release;
		};
/* End XCBuildConfiguration section */

/* Begin XCConfigurationList section */
		97AF04091E489FBF00AACB7F /* Build configuration list for PBXNativeTarget "SYPictureMetadataExample-tvOS" */ = {
			isa = XCConfigurationList;
			buildConfigurations = (
				97AF04071E489FBF00AACB7F /* Debug */,
				97AF04081E489FBF00AACB7F /* Release */,
			);
			defaultConfigurationIsVisible = 0;
		};
		F80C7259167A0AF000A9110A /* Build configuration list for PBXProject "SYPictureMetadataExample" */ = {
			isa = XCConfigurationList;
			buildConfigurations = (
				F80C7284167A0AF100A9110A /* Debug */,
				F80C7285167A0AF100A9110A /* Release */,
			);
			defaultConfigurationIsVisible = 0;
			defaultConfigurationName = Release;
		};
		F80C7286167A0AF100A9110A /* Build configuration list for PBXNativeTarget "SYPictureMetadataExample" */ = {
			isa = XCConfigurationList;
			buildConfigurations = (
				F80C7287167A0AF100A9110A /* Debug */,
				F80C7288167A0AF100A9110A /* Release */,
			);
			defaultConfigurationIsVisible = 0;
			defaultConfigurationName = Release;
		};
/* End XCConfigurationList section */
	};
	rootObject = F80C7256167A0AF000A9110A /* Project object */;
}
